// !$*UTF8*$!
{
	archiveVersion = 1;
	classes = {
	};
	objectVersion = 45;
	objects = {

/* Begin PBXBuildFile section */
		643430E40FD2CDA100AFC69E /* fourtaxon.cpp in Sources */ = {isa = PBXBuildFile; fileRef = 64F21C4D0FD2B7B400678D0B /* fourtaxon.cpp */; };
		643430E50FD2CE1200AFC69E /* BeagleCPUImpl.cpp in Sources */ = {isa = PBXBuildFile; fileRef = 64F21C380FD2B74900678D0B /* BeagleCPUImpl.cpp */; };
		643430E60FD2CE1500AFC69E /* beagle.cpp in Sources */ = {isa = PBXBuildFile; fileRef = 64F21C360FD2B74900678D0B /* beagle.cpp */; };
		643430FC0FD2CE7B00AFC69E /* fourtaxon.dat in CopyFiles */ = {isa = PBXBuildFile; fileRef = 64F21C4E0FD2B7B500678D0B /* fourtaxon.dat */; };
		64BA0A5B0FD46C2200E5EA7A /* tinytest.cpp in Sources */ = {isa = PBXBuildFile; fileRef = 64BA0A530FD46BCF00E5EA7A /* tinytest.cpp */; };
		64F21C770FD2C10300678D0B /* beagle.cpp in Sources */ = {isa = PBXBuildFile; fileRef = 64F21C360FD2B74900678D0B /* beagle.cpp */; };
		64F21C780FD2C10300678D0B /* BeagleCPUImpl.cpp in Sources */ = {isa = PBXBuildFile; fileRef = 64F21C380FD2B74900678D0B /* BeagleCPUImpl.cpp */; };
/* End PBXBuildFile section */

/* Begin PBXCopyFilesBuildPhase section */
		643431010FD2CE9E00AFC69E /* CopyFiles */ = {
			isa = PBXCopyFilesBuildPhase;
			buildActionMask = 2147483647;
			dstPath = "";
			dstSubfolderSpec = 16;
			files = (
				643430FC0FD2CE7B00AFC69E /* fourtaxon.dat in CopyFiles */,
			);
			runOnlyForDeploymentPostprocessing = 0;
		};
/* End PBXCopyFilesBuildPhase section */

/* Begin PBXFileReference section */
		643430DE0FD2CD0400AFC69E /* fourTaxonXcode */ = {isa = PBXFileReference; explicitFileType = "compiled.mach-o.executable"; includeInIndex = 0; path = fourTaxonXcode; sourceTree = BUILT_PRODUCTS_DIR; };
		64BA0A500FD46BCF00E5EA7A /* check_lnL_using_BEAST.xml */ = {isa = PBXFileReference; fileEncoding = 4; lastKnownFileType = text.xml; name = check_lnL_using_BEAST.xml; path = "projects/beagle-lib/examples/tinytest/check_lnL_using_BEAST.xml"; sourceTree = DEVELOPER_DIR; };
		64BA0A510FD46BCF00E5EA7A /* check_lnL_using_paup.nex */ = {isa = PBXFileReference; fileEncoding = 4; lastKnownFileType = text; name = check_lnL_using_paup.nex; path = "projects/beagle-lib/examples/tinytest/check_lnL_using_paup.nex"; sourceTree = DEVELOPER_DIR; };
		64BA0A520FD46BCF00E5EA7A /* Makefile */ = {isa = PBXFileReference; fileEncoding = 4; lastKnownFileType = sourcecode.make; name = Makefile; path = "projects/beagle-lib/examples/tinytest/Makefile"; sourceTree = DEVELOPER_DIR; };
		64BA0A530FD46BCF00E5EA7A /* tinytest.cpp */ = {isa = PBXFileReference; fileEncoding = 4; lastKnownFileType = sourcecode.cpp.cpp; name = tinytest.cpp; path = "projects/beagle-lib/examples/tinytest/tinytest.cpp"; sourceTree = DEVELOPER_DIR; };
		64F21C360FD2B74900678D0B /* beagle.cpp */ = {isa = PBXFileReference; fileEncoding = 4; lastKnownFileType = sourcecode.cpp.cpp; name = beagle.cpp; path = "projects/beagle-lib/src/beagle.cpp"; sourceTree = DEVELOPER_DIR; };
		64F21C380FD2B74900678D0B /* BeagleCPUImpl.cpp */ = {isa = PBXFileReference; fileEncoding = 4; lastKnownFileType = sourcecode.cpp.cpp; name = BeagleCPUImpl.cpp; path = "projects/beagle-lib/src/CPU/BeagleCPUImpl.cpp"; sourceTree = DEVELOPER_DIR; };
		64F21C390FD2B74900678D0B /* BeagleCPUImpl.h */ = {isa = PBXFileReference; fileEncoding = 4; lastKnownFileType = sourcecode.c.h; name = BeagleCPUImpl.h; path = "projects/beagle-lib/src/CPU/BeagleCPUImpl.h"; sourceTree = DEVELOPER_DIR; };
		64F21C3B0FD2B74900678D0B /* BeagleCUDAImpl.cpp */ = {isa = PBXFileReference; fileEncoding = 4; lastKnownFileType = sourcecode.cpp.cpp; name = BeagleCUDAImpl.cpp; path = "projects/beagle-lib/src/CUDA/BeagleCUDAImpl.cpp"; sourceTree = DEVELOPER_DIR; };
		64F21C3C0FD2B74900678D0B /* BeagleCUDAImpl.h */ = {isa = PBXFileReference; fileEncoding = 4; lastKnownFileType = sourcecode.c.h; name = BeagleCUDAImpl.h; path = "projects/beagle-lib/src/CUDA/BeagleCUDAImpl.h"; sourceTree = DEVELOPER_DIR; };
		64F21C3D0FD2B74900678D0B /* BeagleCUDATipStateImpl.cpp */ = {isa = PBXFileReference; fileEncoding = 4; lastKnownFileType = sourcecode.cpp.cpp; name = BeagleCUDATipStateImpl.cpp; path = "projects/beagle-lib/src/CUDA/BeagleCUDATipStateImpl.cpp"; sourceTree = DEVELOPER_DIR; };
		64F21C3E0FD2B74900678D0B /* BeagleCUDATipStateImpl.h */ = {isa = PBXFileReference; fileEncoding = 4; lastKnownFileType = sourcecode.c.h; name = BeagleCUDATipStateImpl.h; path = "projects/beagle-lib/src/CUDA/BeagleCUDATipStateImpl.h"; sourceTree = DEVELOPER_DIR; };
		64F21C3F0FD2B74900678D0B /* CUDASharedFunctions.c */ = {isa = PBXFileReference; fileEncoding = 4; lastKnownFileType = sourcecode.c.c; name = CUDASharedFunctions.c; path = "projects/beagle-lib/src/CUDA/CUDASharedFunctions.c"; sourceTree = DEVELOPER_DIR; };
		64F21C400FD2B74900678D0B /* CUDASharedFunctions.h */ = {isa = PBXFileReference; fileEncoding = 4; lastKnownFileType = sourcecode.c.h; name = CUDASharedFunctions.h; path = "projects/beagle-lib/src/CUDA/CUDASharedFunctions.h"; sourceTree = DEVELOPER_DIR; };
		64F21C410FD2B74900678D0B /* CUDASharedFunctions_kernel.cu */ = {isa = PBXFileReference; fileEncoding = 4; lastKnownFileType = text; name = CUDASharedFunctions_kernel.cu; path = "projects/beagle-lib/src/CUDA/CUDASharedFunctions_kernel.cu"; sourceTree = DEVELOPER_DIR; };
		64F21C420FD2B74900678D0B /* Peeling_kernel.cu */ = {isa = PBXFileReference; fileEncoding = 4; lastKnownFileType = text; name = Peeling_kernel.cu; path = "projects/beagle-lib/src/CUDA/Peeling_kernel.cu"; sourceTree = DEVELOPER_DIR; };
		64F21C430FD2B74900678D0B /* Queue.cpp */ = {isa = PBXFileReference; fileEncoding = 4; lastKnownFileType = sourcecode.cpp.cpp; name = Queue.cpp; path = "projects/beagle-lib/src/CUDA/Queue.cpp"; sourceTree = DEVELOPER_DIR; };
		64F21C440FD2B74900678D0B /* Queue.h */ = {isa = PBXFileReference; fileEncoding = 4; lastKnownFileType = sourcecode.c.h; name = Queue.h; path = "projects/beagle-lib/src/CUDA/Queue.h"; sourceTree = DEVELOPER_DIR; };
		64F21C450FD2B74900678D0B /* TransitionProbabilities_kernel.cu */ = {isa = PBXFileReference; fileEncoding = 4; lastKnownFileType = text; name = TransitionProbabilities_kernel.cu; path = "projects/beagle-lib/src/CUDA/TransitionProbabilities_kernel.cu"; sourceTree = DEVELOPER_DIR; };
		64F21C490FD2B76300678D0B /* beagle.h */ = {isa = PBXFileReference; fileEncoding = 4; lastKnownFileType = sourcecode.c.h; name = beagle.h; path = "projects/beagle-lib/include/beagle.h"; sourceTree = DEVELOPER_DIR; };
		64F21C4A0FD2B76300678D0B /* BeagleImpl.h */ = {isa = PBXFileReference; fileEncoding = 4; lastKnownFileType = sourcecode.c.h; name = BeagleImpl.h; path = "projects/beagle-lib/include/BeagleImpl.h"; sourceTree = DEVELOPER_DIR; };
		64F21C4D0FD2B7B400678D0B /* fourtaxon.cpp */ = {isa = PBXFileReference; fileEncoding = 4; lastKnownFileType = sourcecode.cpp.cpp; name = fourtaxon.cpp; path = "projects/beagle-lib/examples/fourtaxon/fourtaxon.cpp"; sourceTree = DEVELOPER_DIR; };
		64F21C4E0FD2B7B500678D0B /* fourtaxon.dat */ = {isa = PBXFileReference; fileEncoding = 4; lastKnownFileType = text; name = fourtaxon.dat; path = "projects/beagle-lib/examples/fourtaxon/fourtaxon.dat"; sourceTree = DEVELOPER_DIR; };
		64F21C4F0FD2B7B500678D0B /* fourtaxon.hpp */ = {isa = PBXFileReference; fileEncoding = 4; lastKnownFileType = sourcecode.cpp.h; name = fourtaxon.hpp; path = "projects/beagle-lib/examples/fourtaxon/fourtaxon.hpp"; sourceTree = DEVELOPER_DIR; };
		64F21C500FD2B7B500678D0B /* Makefile */ = {isa = PBXFileReference; fileEncoding = 4; lastKnownFileType = sourcecode.make; name = Makefile; path = "projects/beagle-lib/examples/fourtaxon/Makefile"; sourceTree = DEVELOPER_DIR; };
		64F21C530FD2B83200678D0B /* CUDA.Makefile */ = {isa = PBXFileReference; fileEncoding = 4; lastKnownFileType = text; name = CUDA.Makefile; path = "projects/beagle-lib/CUDA.Makefile"; sourceTree = DEVELOPER_DIR; xcLanguageSpecificationIdentifier = xcode.lang.make; };
		64F21C720FD2C0BA00678D0B /* tinyTestXcode */ = {isa = PBXFileReference; explicitFileType = "compiled.mach-o.executable"; includeInIndex = 0; path = tinyTestXcode; sourceTree = BUILT_PRODUCTS_DIR; };
/* End PBXFileReference section */

/* Begin PBXFrameworksBuildPhase section */
		643430DC0FD2CD0400AFC69E /* Frameworks */ = {
			isa = PBXFrameworksBuildPhase;
			buildActionMask = 2147483647;
			files = (
			);
			runOnlyForDeploymentPostprocessing = 0;
		};
		64F21C700FD2C0BA00678D0B /* Frameworks */ = {
			isa = PBXFrameworksBuildPhase;
			buildActionMask = 2147483647;
			files = (
			);
			runOnlyForDeploymentPostprocessing = 0;
		};
/* End PBXFrameworksBuildPhase section */

/* Begin PBXGroup section */
		08FB7794FE84155DC02AAC07 /* beagle-xcode */ = {
			isa = PBXGroup;
			children = (
				64F21C540FD2B83600678D0B /* makefiles */,
				64F21C4B0FD2B7B400678D0B /* examples */,
				64F21C480FD2B76300678D0B /* include */,
				64F21C350FD2B74900678D0B /* src */,
				64F21C5D0FD2B93B00678D0B /* Products */,
			);
			name = "beagle-xcode";
			sourceTree = "<group>";
		};
		64BA0A4F0FD46BCF00E5EA7A /* tinytest */ = {
			isa = PBXGroup;
			children = (
				64BA0A500FD46BCF00E5EA7A /* check_lnL_using_BEAST.xml */,
				64BA0A510FD46BCF00E5EA7A /* check_lnL_using_paup.nex */,
				64BA0A520FD46BCF00E5EA7A /* Makefile */,
				64BA0A530FD46BCF00E5EA7A /* tinytest.cpp */,
			);
			name = tinytest;
			path = "projects/beagle-lib/examples/tinytest";
			sourceTree = DEVELOPER_DIR;
		};
		64F21C350FD2B74900678D0B /* src */ = {
			isa = PBXGroup;
			children = (
				64F21C360FD2B74900678D0B /* beagle.cpp */,
				64F21C370FD2B74900678D0B /* CPU */,
				64F21C3A0FD2B74900678D0B /* CUDA */,
			);
			name = src;
			path = "projects/beagle-lib/src";
			sourceTree = DEVELOPER_DIR;
		};
		64F21C370FD2B74900678D0B /* CPU */ = {
			isa = PBXGroup;
			children = (
				64F21C380FD2B74900678D0B /* BeagleCPUImpl.cpp */,
				64F21C390FD2B74900678D0B /* BeagleCPUImpl.h */,
			);
			name = CPU;
			path = "projects/beagle-lib/src/CPU";
			sourceTree = DEVELOPER_DIR;
		};
		64F21C3A0FD2B74900678D0B /* CUDA */ = {
			isa = PBXGroup;
			children = (
				64F21C3B0FD2B74900678D0B /* BeagleCUDAImpl.cpp */,
				64F21C3C0FD2B74900678D0B /* BeagleCUDAImpl.h */,
				64F21C3D0FD2B74900678D0B /* BeagleCUDATipStateImpl.cpp */,
				64F21C3E0FD2B74900678D0B /* BeagleCUDATipStateImpl.h */,
				64F21C3F0FD2B74900678D0B /* CUDASharedFunctions.c */,
				64F21C400FD2B74900678D0B /* CUDASharedFunctions.h */,
				64F21C410FD2B74900678D0B /* CUDASharedFunctions_kernel.cu */,
				64F21C420FD2B74900678D0B /* Peeling_kernel.cu */,
				64F21C430FD2B74900678D0B /* Queue.cpp */,
				64F21C440FD2B74900678D0B /* Queue.h */,
				64F21C450FD2B74900678D0B /* TransitionProbabilities_kernel.cu */,
			);
			name = CUDA;
			path = "projects/beagle-lib/src/CUDA";
			sourceTree = DEVELOPER_DIR;
		};
		64F21C480FD2B76300678D0B /* include */ = {
			isa = PBXGroup;
			children = (
				64F21C490FD2B76300678D0B /* beagle.h */,
				64F21C4A0FD2B76300678D0B /* BeagleImpl.h */,
			);
			name = include;
			path = "projects/beagle-lib/include";
			sourceTree = DEVELOPER_DIR;
		};
		64F21C4B0FD2B7B400678D0B /* examples */ = {
			isa = PBXGroup;
			children = (
				64BA0A4F0FD46BCF00E5EA7A /* tinytest */,
				64F21C4C0FD2B7B400678D0B /* fourtaxon */,
			);
			name = examples;
			path = "projects/beagle-lib/examples";
			sourceTree = DEVELOPER_DIR;
		};
		64F21C4C0FD2B7B400678D0B /* fourtaxon */ = {
			isa = PBXGroup;
			children = (
				64F21C4D0FD2B7B400678D0B /* fourtaxon.cpp */,
				64F21C4E0FD2B7B500678D0B /* fourtaxon.dat */,
				64F21C4F0FD2B7B500678D0B /* fourtaxon.hpp */,
				64F21C500FD2B7B500678D0B /* Makefile */,
			);
			name = fourtaxon;
			path = "projects/beagle-lib/examples/fourtaxon";
			sourceTree = DEVELOPER_DIR;
		};
		64F21C540FD2B83600678D0B /* makefiles */ = {
			isa = PBXGroup;
			children = (
				64F21C530FD2B83200678D0B /* CUDA.Makefile */,
			);
			name = makefiles;
			sourceTree = "<group>";
		};
		64F21C5D0FD2B93B00678D0B /* Products */ = {
			isa = PBXGroup;
			children = (
				64F21C720FD2C0BA00678D0B /* tinyTestXcode */,
				643430DE0FD2CD0400AFC69E /* fourTaxonXcode */,
			);
			name = Products;
			sourceTree = "<group>";
		};
/* End PBXGroup section */

/* Begin PBXNativeTarget section */
		643430DD0FD2CD0400AFC69E /* fourTaxonXcode */ = {
			isa = PBXNativeTarget;
			buildConfigurationList = 643430E20FD2CD2300AFC69E /* Build configuration list for PBXNativeTarget "fourTaxonXcode" */;
			buildPhases = (
				643430DB0FD2CD0400AFC69E /* Sources */,
				643430DC0FD2CD0400AFC69E /* Frameworks */,
				643431010FD2CE9E00AFC69E /* CopyFiles */,
			);
			buildRules = (
			);
			dependencies = (
			);
			name = fourTaxonXcode;
			productName = fourTaxonXcode;
			productReference = 643430DE0FD2CD0400AFC69E /* fourTaxonXcode */;
			productType = "com.apple.product-type.tool";
		};
		64F21C710FD2C0BA00678D0B /* tinyTestXcode */ = {
			isa = PBXNativeTarget;
			buildConfigurationList = 64F21C760FD2C0D800678D0B /* Build configuration list for PBXNativeTarget "tinyTestXcode" */;
			buildPhases = (
				64F21C6F0FD2C0BA00678D0B /* Sources */,
				64F21C700FD2C0BA00678D0B /* Frameworks */,
			);
			buildRules = (
			);
			dependencies = (
			);
			name = tinyTestXcode;
			productName = tinyTestXcode;
			productReference = 64F21C720FD2C0BA00678D0B /* tinyTestXcode */;
			productType = "com.apple.product-type.tool";
		};
/* End PBXNativeTarget section */

/* Begin PBXProject section */
		08FB7793FE84155DC02AAC07 /* Project object */ = {
			isa = PBXProject;
			buildConfigurationList = 1DEB919308733D9F0010E9CD /* Build configuration list for PBXProject "beagle-xcode" */;
			compatibilityVersion = "Xcode 3.1";
			hasScannedForEncodings = 1;
			mainGroup = 08FB7794FE84155DC02AAC07 /* beagle-xcode */;
			productRefGroup = 64F21C5D0FD2B93B00678D0B /* Products */;
			projectDirPath = "";
			projectRoot = ../..;
			targets = (
				64F21C710FD2C0BA00678D0B /* tinyTestXcode */,
				643430DD0FD2CD0400AFC69E /* fourTaxonXcode */,
			);
		};
/* End PBXProject section */

/* Begin PBXSourcesBuildPhase section */
		643430DB0FD2CD0400AFC69E /* Sources */ = {
			isa = PBXSourcesBuildPhase;
			buildActionMask = 2147483647;
			files = (
				643430E60FD2CE1500AFC69E /* beagle.cpp in Sources */,
				643430E50FD2CE1200AFC69E /* BeagleCPUImpl.cpp in Sources */,
				643430E40FD2CDA100AFC69E /* fourtaxon.cpp in Sources */,
			);
			runOnlyForDeploymentPostprocessing = 0;
		};
		64F21C6F0FD2C0BA00678D0B /* Sources */ = {
			isa = PBXSourcesBuildPhase;
			buildActionMask = 2147483647;
			files = (
				64BA0A5B0FD46C2200E5EA7A /* tinytest.cpp in Sources */,
				64F21C770FD2C10300678D0B /* beagle.cpp in Sources */,
				64F21C780FD2C10300678D0B /* BeagleCPUImpl.cpp in Sources */,
			);
			runOnlyForDeploymentPostprocessing = 0;
		};
/* End PBXSourcesBuildPhase section */

/* Begin XCBuildConfiguration section */
		1DEB919408733D9F0010E9CD /* Debug */ = {
			isa = XCBuildConfiguration;
			buildSettings = {
				ARCHS = "$(ARCHS_STANDARD_32_BIT)";
				GCC_WARN_ABOUT_RETURN_TYPE = YES;
				GCC_WARN_UNUSED_VARIABLE = YES;
				ONLY_ACTIVE_ARCH = YES;
				PREBINDING = NO;
				SDKROOT = macosx10.5;
			};
			name = Debug;
		};
		1DEB919508733D9F0010E9CD /* Release */ = {
			isa = XCBuildConfiguration;
			buildSettings = {
				ARCHS = "$(ARCHS_STANDARD_32_BIT)";
				GCC_WARN_ABOUT_RETURN_TYPE = YES;
				GCC_WARN_UNUSED_VARIABLE = YES;
				PREBINDING = NO;
				SDKROOT = macosx10.5;
			};
			name = Release;
		};
		643430E00FD2CD0500AFC69E /* Debug */ = {
			isa = XCBuildConfiguration;
			buildSettings = {
				ALWAYS_SEARCH_USER_PATHS = NO;
				COPY_PHASE_STRIP = NO;
				GCC_DYNAMIC_NO_PIC = NO;
				GCC_ENABLE_FIX_AND_CONTINUE = YES;
				GCC_MODEL_TUNING = G5;
				GCC_OPTIMIZATION_LEVEL = 0;
				GCC_PREPROCESSOR_DEFINITIONS = "";
				INSTALL_PATH = /usr/local/bin;
				PREBINDING = NO;
				PRODUCT_NAME = fourTaxonXcode;
			};
			name = Debug;
		};
		643430E10FD2CD0500AFC69E /* Release */ = {
			isa = XCBuildConfiguration;
			buildSettings = {
				ALWAYS_SEARCH_USER_PATHS = NO;
				COPY_PHASE_STRIP = YES;
				DEBUG_INFORMATION_FORMAT = "dwarf-with-dsym";
				GCC_ENABLE_FIX_AND_CONTINUE = NO;
				GCC_MODEL_TUNING = G5;
				INSTALL_PATH = /usr/local/bin;
				PREBINDING = NO;
				PRODUCT_NAME = fourTaxonXcode;
				ZERO_LINK = NO;
			};
			name = Release;
		};
		64F21C740FD2C0BA00678D0B /* Debug */ = {
			isa = XCBuildConfiguration;
			buildSettings = {
				ALWAYS_SEARCH_USER_PATHS = NO;
				COPY_PHASE_STRIP = NO;
				GCC_DYNAMIC_NO_PIC = NO;
				GCC_ENABLE_FIX_AND_CONTINUE = YES;
				GCC_MODEL_TUNING = G5;
				GCC_OPTIMIZATION_LEVEL = 0;
				GCC_PREPROCESSOR_DEFINITIONS = "STATE_COUNT=4";
				INSTALL_PATH = /usr/local/bin;
				PREBINDING = NO;
				PRODUCT_NAME = tinyTestXcode;
			};
			name = Debug;
		};
		64F21C750FD2C0BA00678D0B /* Release */ = {
			isa = XCBuildConfiguration;
			buildSettings = {
				ALWAYS_SEARCH_USER_PATHS = NO;
				COPY_PHASE_STRIP = YES;
				DEBUG_INFORMATION_FORMAT = "dwarf-with-dsym";
				GCC_ENABLE_FIX_AND_CONTINUE = NO;
				GCC_MODEL_TUNING = G5;
				INSTALL_PATH = /usr/local/bin;
				PREBINDING = NO;
				PRODUCT_NAME = tinyTestXcode;
				ZERO_LINK = NO;
			};
			name = Release;
		};
/* End XCBuildConfiguration section */

/* Begin XCConfigurationList section */
		1DEB919308733D9F0010E9CD /* Build configuration list for PBXProject "beagle-xcode" */ = {
			isa = XCConfigurationList;
			buildConfigurations = (
				1DEB919408733D9F0010E9CD /* Debug */,
				1DEB919508733D9F0010E9CD /* Release */,
			);
			defaultConfigurationIsVisible = 0;
			defaultConfigurationName = Release;
		};
		643430E20FD2CD2300AFC69E /* Build configuration list for PBXNativeTarget "fourTaxonXcode" */ = {
			isa = XCConfigurationList;
			buildConfigurations = (
				643430E00FD2CD0500AFC69E /* Debug */,
				643430E10FD2CD0500AFC69E /* Release */,
			);
			defaultConfigurationIsVisible = 0;
			defaultConfigurationName = Release;
		};
		64F21C760FD2C0D800678D0B /* Build configuration list for PBXNativeTarget "tinyTestXcode" */ = {
			isa = XCConfigurationList;
			buildConfigurations = (
				64F21C740FD2C0BA00678D0B /* Debug */,
				64F21C750FD2C0BA00678D0B /* Release */,
			);
			defaultConfigurationIsVisible = 0;
			defaultConfigurationName = Release;
		};
/* End XCConfigurationList section */
	};
	rootObject = 08FB7793FE84155DC02AAC07 /* Project object */;
}
