// !$*UTF8*$!
{
	archiveVersion = 1;
	classes = {
	};
	objectVersion = 45;
	objects = {

/* Begin PBXBuildFile section */
		643430E40FD2CDA100AFC69E /* fourtaxon.cpp in Sources */ = {isa = PBXBuildFile; fileRef = 64F21C4D0FD2B7B400678D0B /* fourtaxon.cpp */; };
		643430E50FD2CE1200AFC69E /* BeagleCPUImpl.cpp in Sources */ = {isa = PBXBuildFile; fileRef = 64F21C380FD2B74900678D0B /* BeagleCPUImpl.cpp */; };
		643430E60FD2CE1500AFC69E /* beagle.cpp in Sources */ = {isa = PBXBuildFile; fileRef = 64F21C360FD2B74900678D0B /* beagle.cpp */; };
		643430FC0FD2CE7B00AFC69E /* fourtaxon.dat in CopyFiles */ = {isa = PBXBuildFile; fileRef = 64F21C4E0FD2B7B500678D0B /* fourtaxon.dat */; };
		649E82520FD6FB150044891D /* BeagleCUDAImpl.cpp in Sources */ = {isa = PBXBuildFile; fileRef = 64F21C3B0FD2B74900678D0B /* BeagleCUDAImpl.cpp */; };
		649E82540FD6FB150044891D /* CUDASharedFunctions.c in Sources */ = {isa = PBXBuildFile; fileRef = 64F21C3F0FD2B74900678D0B /* CUDASharedFunctions.c */; };
		649E825F0FD6FC580044891D /* TransitionFunctions.cu in Sources */ = {isa = PBXBuildFile; fileRef = 649E825C0FD6FC580044891D /* TransitionFunctions.cu */; };
		649E82600FD6FC580044891D /* PeelingFunctions.cu in Sources */ = {isa = PBXBuildFile; fileRef = 649E825D0FD6FC580044891D /* PeelingFunctions.cu */; };
		649E82620FD6FCA00044891D /* tinytest.cpp in Sources */ = {isa = PBXBuildFile; fileRef = 64BA0A530FD46BCF00E5EA7A /* tinytest.cpp */; };
		649E82630FD6FCA40044891D /* beagle.cpp in Sources */ = {isa = PBXBuildFile; fileRef = 64F21C360FD2B74900678D0B /* beagle.cpp */; };
		649E82640FD6FCA90044891D /* BeagleCPUImpl.cpp in Sources */ = {isa = PBXBuildFile; fileRef = 64F21C380FD2B74900678D0B /* BeagleCPUImpl.cpp */; };
		64BA0A5B0FD46C2200E5EA7A /* tinytest.cpp in Sources */ = {isa = PBXBuildFile; fileRef = 64BA0A530FD46BCF00E5EA7A /* tinytest.cpp */; };
		64E4BB230FE17A8200F7C631 /* beagle.cpp in Sources */ = {isa = PBXBuildFile; fileRef = 64F21C360FD2B74900678D0B /* beagle.cpp */; };
		64E4BB240FE17A8200F7C631 /* BeagleCPUImpl.cpp in Sources */ = {isa = PBXBuildFile; fileRef = 64F21C380FD2B74900678D0B /* BeagleCPUImpl.cpp */; };
		64E4BB250FE17A8200F7C631 /* BeagleCUDAImpl.cpp in Sources */ = {isa = PBXBuildFile; fileRef = 64F21C3B0FD2B74900678D0B /* BeagleCUDAImpl.cpp */; };
		64E4BB260FE17A8200F7C631 /* CUDASharedFunctions.c in Sources */ = {isa = PBXBuildFile; fileRef = 64F21C3F0FD2B74900678D0B /* CUDASharedFunctions.c */; };
		64E4BB280FE17A8200F7C631 /* TransitionFunctions.cu in Sources */ = {isa = PBXBuildFile; fileRef = 649E825C0FD6FC580044891D /* TransitionFunctions.cu */; };
		64E4BB290FE17A8200F7C631 /* PeelingFunctions.cu in Sources */ = {isa = PBXBuildFile; fileRef = 649E825D0FD6FC580044891D /* PeelingFunctions.cu */; };
		64E4BB330FE17AF300F7C631 /* fourtaxon.cpp in Sources */ = {isa = PBXBuildFile; fileRef = 64F21C4D0FD2B7B400678D0B /* fourtaxon.cpp */; };
		64EC48690FE867EE006841E3 /* fourtaxon.dat in CopyFiles */ = {isa = PBXBuildFile; fileRef = 64F21C4E0FD2B7B500678D0B /* fourtaxon.dat */; };
		64F21C770FD2C10300678D0B /* beagle.cpp in Sources */ = {isa = PBXBuildFile; fileRef = 64F21C360FD2B74900678D0B /* beagle.cpp */; };
		64F21C780FD2C10300678D0B /* BeagleCPUImpl.cpp in Sources */ = {isa = PBXBuildFile; fileRef = 64F21C380FD2B74900678D0B /* BeagleCPUImpl.cpp */; };
/* End PBXBuildFile section */

/* Begin PBXCopyFilesBuildPhase section */
		643431010FD2CE9E00AFC69E /* CopyFiles */ = {
			isa = PBXCopyFilesBuildPhase;
			buildActionMask = 2147483647;
			dstPath = "";
			dstSubfolderSpec = 16;
			files = (
				643430FC0FD2CE7B00AFC69E /* fourtaxon.dat in CopyFiles */,
			);
			runOnlyForDeploymentPostprocessing = 0;
		};
		64EC48820FE86804006841E3 /* CopyFiles */ = {
			isa = PBXCopyFilesBuildPhase;
			buildActionMask = 2147483647;
			dstPath = "";
			dstSubfolderSpec = 7;
			files = (
				64EC48690FE867EE006841E3 /* fourtaxon.dat in CopyFiles */,
			);
			runOnlyForDeploymentPostprocessing = 0;
		};
/* End PBXCopyFilesBuildPhase section */

/* Begin PBXFileReference section */
		643430DE0FD2CD0400AFC69E /* fourTaxonXcode */ = {isa = PBXFileReference; explicitFileType = "compiled.mach-o.executable"; includeInIndex = 0; path = fourTaxonXcode; sourceTree = BUILT_PRODUCTS_DIR; };
		6439E9D30FE1BFF300AD5C7B /* PeelingKernels.cu */ = {isa = PBXFileReference; fileEncoding = 4; lastKnownFileType = sourcecode.cuda; name = PeelingKernels.cu; path = "projects/beagle-lib/libbeagle-lib/CUDA/PeelingKernels.cu"; sourceTree = DEVELOPER_DIR; };
		6439E9FC0FE1C34300AD5C7B /* TransitionKernels.cu */ = {isa = PBXFileReference; fileEncoding = 4; lastKnownFileType = sourcecode.cuda; name = TransitionKernels.cu; path = "projects/beagle-lib/libbeagle-lib/CUDA/TransitionKernels.cu"; sourceTree = DEVELOPER_DIR; };
		649E824E0FD6FAEC0044891D /* tinyTestGPUXcode */ = {isa = PBXFileReference; explicitFileType = "compiled.mach-o.executable"; includeInIndex = 0; path = tinyTestGPUXcode; sourceTree = BUILT_PRODUCTS_DIR; };
		649E825C0FD6FC580044891D /* TransitionFunctions.cu */ = {isa = PBXFileReference; fileEncoding = 4; lastKnownFileType = sourcecode.cuda; name = TransitionFunctions.cu; path = "projects/beagle-lib/libbeagle-lib/CUDA/TransitionFunctions.cu"; sourceTree = DEVELOPER_DIR; };
		649E825D0FD6FC580044891D /* PeelingFunctions.cu */ = {isa = PBXFileReference; fileEncoding = 4; lastKnownFileType = sourcecode.cuda; name = PeelingFunctions.cu; path = "projects/beagle-lib/libbeagle-lib/CUDA/PeelingFunctions.cu"; sourceTree = DEVELOPER_DIR; };
		649E83130FD705BA0044891D /* CUDA.Makefile */ = {isa = PBXFileReference; fileEncoding = 4; lastKnownFileType = text; name = CUDA.Makefile; path = "projects/beagle-lib/CUDA.Makefile"; sourceTree = DEVELOPER_DIR; xcLanguageSpecificationIdentifier = xcode.lang.make; };
		64BA0A500FD46BCF00E5EA7A /* check_lnL_using_BEAST.xml */ = {isa = PBXFileReference; fileEncoding = 4; lastKnownFileType = text.xml; name = check_lnL_using_BEAST.xml; path = "projects/beagle-lib/examples/tinytest/check_lnL_using_BEAST.xml"; sourceTree = DEVELOPER_DIR; };
		64BA0A510FD46BCF00E5EA7A /* check_lnL_using_paup.nex */ = {isa = PBXFileReference; fileEncoding = 4; lastKnownFileType = text; name = check_lnL_using_paup.nex; path = "projects/beagle-lib/examples/tinytest/check_lnL_using_paup.nex"; sourceTree = DEVELOPER_DIR; };
		64BA0A530FD46BCF00E5EA7A /* tinytest.cpp */ = {isa = PBXFileReference; fileEncoding = 4; lastKnownFileType = sourcecode.cpp.cpp; name = tinytest.cpp; path = "projects/beagle-lib/examples/tinytest/tinytest.cpp"; sourceTree = DEVELOPER_DIR; };
		64E4BB2E0FE17A8200F7C631 /* fourTaxonGPUXcode */ = {isa = PBXFileReference; explicitFileType = "compiled.mach-o.executable"; includeInIndex = 0; path = fourTaxonGPUXcode; sourceTree = BUILT_PRODUCTS_DIR; };
		64F21C360FD2B74900678D0B /* beagle.cpp */ = {isa = PBXFileReference; fileEncoding = 4; lastKnownFileType = sourcecode.cpp.cpp; name = beagle.cpp; path = "projects/beagle-lib/libbeagle-lib/beagle.cpp"; sourceTree = DEVELOPER_DIR; };
		64F21C380FD2B74900678D0B /* BeagleCPUImpl.cpp */ = {isa = PBXFileReference; fileEncoding = 4; lastKnownFileType = sourcecode.cpp.cpp; name = BeagleCPUImpl.cpp; path = "projects/beagle-lib/libbeagle-lib/CPU/BeagleCPUImpl.cpp"; sourceTree = DEVELOPER_DIR; };
		64F21C390FD2B74900678D0B /* BeagleCPUImpl.h */ = {isa = PBXFileReference; fileEncoding = 4; lastKnownFileType = sourcecode.c.h; name = BeagleCPUImpl.h; path = "projects/beagle-lib/libbeagle-lib/CPU/BeagleCPUImpl.h"; sourceTree = DEVELOPER_DIR; };
		64F21C3B0FD2B74900678D0B /* BeagleCUDAImpl.cpp */ = {isa = PBXFileReference; fileEncoding = 4; lastKnownFileType = sourcecode.cpp.cpp; name = BeagleCUDAImpl.cpp; path = "projects/beagle-lib/libbeagle-lib/CUDA/BeagleCUDAImpl.cpp"; sourceTree = DEVELOPER_DIR; };
		64F21C3C0FD2B74900678D0B /* BeagleCUDAImpl.h */ = {isa = PBXFileReference; fileEncoding = 4; lastKnownFileType = sourcecode.c.h; name = BeagleCUDAImpl.h; path = "projects/beagle-lib/libbeagle-lib/CUDA/BeagleCUDAImpl.h"; sourceTree = DEVELOPER_DIR; };
		64F21C3F0FD2B74900678D0B /* CUDASharedFunctions.c */ = {isa = PBXFileReference; fileEncoding = 4; lastKnownFileType = sourcecode.c.c; name = CUDASharedFunctions.c; path = "projects/beagle-lib/libbeagle-lib/CUDA/CUDASharedFunctions.c"; sourceTree = DEVELOPER_DIR; };
		64F21C400FD2B74900678D0B /* CUDASharedFunctions.h */ = {isa = PBXFileReference; fileEncoding = 4; lastKnownFileType = sourcecode.c.h; name = CUDASharedFunctions.h; path = "projects/beagle-lib/libbeagle-lib/CUDA/CUDASharedFunctions.h"; sourceTree = DEVELOPER_DIR; };
		64F21C490FD2B76300678D0B /* beagle.h */ = {isa = PBXFileReference; fileEncoding = 4; lastKnownFileType = sourcecode.c.h; name = beagle.h; path = "projects/beagle-lib/libbeagle-lib/beagle.h"; sourceTree = DEVELOPER_DIR; };
		64F21C4A0FD2B76300678D0B /* BeagleImpl.h */ = {isa = PBXFileReference; fileEncoding = 4; lastKnownFileType = sourcecode.c.h; name = BeagleImpl.h; path = "projects/beagle-lib/libbeagle-lib/BeagleImpl.h"; sourceTree = DEVELOPER_DIR; };
		64F21C4D0FD2B7B400678D0B /* fourtaxon.cpp */ = {isa = PBXFileReference; fileEncoding = 4; lastKnownFileType = sourcecode.cpp.cpp; name = fourtaxon.cpp; path = "projects/beagle-lib/examples/fourtaxon/fourtaxon.cpp"; sourceTree = DEVELOPER_DIR; };
		64F21C4E0FD2B7B500678D0B /* fourtaxon.dat */ = {isa = PBXFileReference; fileEncoding = 4; lastKnownFileType = text; name = fourtaxon.dat; path = "projects/beagle-lib/examples/fourtaxon/fourtaxon.dat"; sourceTree = DEVELOPER_DIR; };
		64F21C4F0FD2B7B500678D0B /* fourtaxon.hpp */ = {isa = PBXFileReference; fileEncoding = 4; lastKnownFileType = sourcecode.cpp.h; name = fourtaxon.hpp; path = "projects/beagle-lib/examples/fourtaxon/fourtaxon.hpp"; sourceTree = DEVELOPER_DIR; };
		64F21C720FD2C0BA00678D0B /* tinyTestXcode */ = {isa = PBXFileReference; explicitFileType = "compiled.mach-o.executable"; includeInIndex = 0; path = tinyTestXcode; sourceTree = BUILT_PRODUCTS_DIR; };
/* End PBXFileReference section */

/* Begin PBXFrameworksBuildPhase section */
		643430DC0FD2CD0400AFC69E /* Frameworks */ = {
			isa = PBXFrameworksBuildPhase;
			buildActionMask = 2147483647;
			files = (
			);
			runOnlyForDeploymentPostprocessing = 0;
		};
		649E824C0FD6FAEC0044891D /* Frameworks */ = {
			isa = PBXFrameworksBuildPhase;
			buildActionMask = 2147483647;
			files = (
			);
			runOnlyForDeploymentPostprocessing = 0;
		};
		64E4BB2A0FE17A8200F7C631 /* Frameworks */ = {
			isa = PBXFrameworksBuildPhase;
			buildActionMask = 2147483647;
			files = (
			);
			runOnlyForDeploymentPostprocessing = 0;
		};
		64F21C700FD2C0BA00678D0B /* Frameworks */ = {
			isa = PBXFrameworksBuildPhase;
			buildActionMask = 2147483647;
			files = (
			);
			runOnlyForDeploymentPostprocessing = 0;
		};
/* End PBXFrameworksBuildPhase section */

/* Begin PBXGroup section */
		08FB7794FE84155DC02AAC07 /* beagle-xcode */ = {
			isa = PBXGroup;
			children = (
				649E82ED0FD703C10044891D /* Source */,
				649E82EE0FD703EA0044891D /* Other */,
				64F21C5D0FD2B93B00678D0B /* Products */,
			);
			name = "beagle-xcode";
			sourceTree = "<group>";
		};
		649E82ED0FD703C10044891D /* Source */ = {
			isa = PBXGroup;
			children = (
				64F21C490FD2B76300678D0B /* beagle.h */,
				64F21C360FD2B74900678D0B /* beagle.cpp */,
				64F21C4A0FD2B76300678D0B /* BeagleImpl.h */,
				64F21C390FD2B74900678D0B /* BeagleCPUImpl.h */,
				64F21C380FD2B74900678D0B /* BeagleCPUImpl.cpp */,
				64F21C3C0FD2B74900678D0B /* BeagleCUDAImpl.h */,
				64F21C3B0FD2B74900678D0B /* BeagleCUDAImpl.cpp */,
				64F21C400FD2B74900678D0B /* CUDASharedFunctions.h */,
				64F21C3F0FD2B74900678D0B /* CUDASharedFunctions.c */,
				649E825D0FD6FC580044891D /* PeelingFunctions.cu */,
				6439E9D30FE1BFF300AD5C7B /* PeelingKernels.cu */,
				649E825C0FD6FC580044891D /* TransitionFunctions.cu */,
				6439E9FC0FE1C34300AD5C7B /* TransitionKernels.cu */,
				64F21C4F0FD2B7B500678D0B /* fourtaxon.hpp */,
				64F21C4D0FD2B7B400678D0B /* fourtaxon.cpp */,
				64BA0A530FD46BCF00E5EA7A /* tinytest.cpp */,
			);
			name = Source;
			sourceTree = "<group>";
		};
		649E82EE0FD703EA0044891D /* Other */ = {
			isa = PBXGroup;
			children = (
				649E83130FD705BA0044891D /* CUDA.Makefile */,
				64F21C4E0FD2B7B500678D0B /* fourtaxon.dat */,
				64BA0A500FD46BCF00E5EA7A /* check_lnL_using_BEAST.xml */,
				64BA0A510FD46BCF00E5EA7A /* check_lnL_using_paup.nex */,
			);
			name = Other;
			sourceTree = "<group>";
		};
		64F21C5D0FD2B93B00678D0B /* Products */ = {
			isa = PBXGroup;
			children = (
				64F21C720FD2C0BA00678D0B /* tinyTestXcode */,
				643430DE0FD2CD0400AFC69E /* fourTaxonXcode */,
				649E824E0FD6FAEC0044891D /* tinyTestGPUXcode */,
				64E4BB2E0FE17A8200F7C631 /* fourTaxonGPUXcode */,
			);
			name = Products;
			sourceTree = "<group>";
		};
/* End PBXGroup section */

/* Begin PBXNativeTarget section */
		643430DD0FD2CD0400AFC69E /* fourTaxonXcode */ = {
			isa = PBXNativeTarget;
			buildConfigurationList = 643430E20FD2CD2300AFC69E /* Build configuration list for PBXNativeTarget "fourTaxonXcode" */;
			buildPhases = (
				643430DB0FD2CD0400AFC69E /* Sources */,
				643430DC0FD2CD0400AFC69E /* Frameworks */,
				643431010FD2CE9E00AFC69E /* CopyFiles */,
			);
			buildRules = (
			);
			dependencies = (
			);
			name = fourTaxonXcode;
			productName = fourTaxonXcode;
			productReference = 643430DE0FD2CD0400AFC69E /* fourTaxonXcode */;
			productType = "com.apple.product-type.tool";
		};
		649E824D0FD6FAEC0044891D /* tinyTestGPUXcode */ = {
			isa = PBXNativeTarget;
			buildConfigurationList = 649E82590FD6FB330044891D /* Build configuration list for PBXNativeTarget "tinyTestGPUXcode" */;
			buildPhases = (
				649E824B0FD6FAEC0044891D /* Sources */,
				649E824C0FD6FAEC0044891D /* Frameworks */,
			);
			buildRules = (
			);
			dependencies = (
			);
			name = tinyTestGPUXcode;
			productName = tinyTestGPUXcode;
			productReference = 649E824E0FD6FAEC0044891D /* tinyTestGPUXcode */;
			productType = "com.apple.product-type.tool";
		};
		64E4BB200FE17A8200F7C631 /* fourTaxonGPUXcode */ = {
			isa = PBXNativeTarget;
			buildConfigurationList = 64E4BB2B0FE17A8200F7C631 /* Build configuration list for PBXNativeTarget "fourTaxonGPUXcode" */;
			buildPhases = (
				64E4BB210FE17A8200F7C631 /* Sources */,
				64E4BB2A0FE17A8200F7C631 /* Frameworks */,
				64EC48820FE86804006841E3 /* CopyFiles */,
			);
			buildRules = (
			);
			dependencies = (
			);
			name = fourTaxonGPUXcode;
			productName = tinyTestGPUXcode;
			productReference = 64E4BB2E0FE17A8200F7C631 /* fourTaxonGPUXcode */;
			productType = "com.apple.product-type.tool";
		};
		64F21C710FD2C0BA00678D0B /* tinyTestXcode */ = {
			isa = PBXNativeTarget;
			buildConfigurationList = 64F21C760FD2C0D800678D0B /* Build configuration list for PBXNativeTarget "tinyTestXcode" */;
			buildPhases = (
				64F21C6F0FD2C0BA00678D0B /* Sources */,
				64F21C700FD2C0BA00678D0B /* Frameworks */,
			);
			buildRules = (
			);
			dependencies = (
			);
			name = tinyTestXcode;
			productName = tinyTestXcode;
			productReference = 64F21C720FD2C0BA00678D0B /* tinyTestXcode */;
			productType = "com.apple.product-type.tool";
		};
/* End PBXNativeTarget section */

/* Begin PBXProject section */
		08FB7793FE84155DC02AAC07 /* Project object */ = {
			isa = PBXProject;
			buildConfigurationList = 1DEB919308733D9F0010E9CD /* Build configuration list for PBXProject "beagle-xcode" */;
			compatibilityVersion = "Xcode 3.1";
			hasScannedForEncodings = 1;
			mainGroup = 08FB7794FE84155DC02AAC07 /* beagle-xcode */;
			productRefGroup = 64F21C5D0FD2B93B00678D0B /* Products */;
			projectDirPath = "";
			projectRoot = ../..;
			targets = (
				64F21C710FD2C0BA00678D0B /* tinyTestXcode */,
				643430DD0FD2CD0400AFC69E /* fourTaxonXcode */,
				649E824D0FD6FAEC0044891D /* tinyTestGPUXcode */,
				64E4BB200FE17A8200F7C631 /* fourTaxonGPUXcode */,
			);
		};
/* End PBXProject section */

/* Begin PBXSourcesBuildPhase section */
		643430DB0FD2CD0400AFC69E /* Sources */ = {
			isa = PBXSourcesBuildPhase;
			buildActionMask = 2147483647;
			files = (
				643430E60FD2CE1500AFC69E /* beagle.cpp in Sources */,
				643430E50FD2CE1200AFC69E /* BeagleCPUImpl.cpp in Sources */,
				643430E40FD2CDA100AFC69E /* fourtaxon.cpp in Sources */,
			);
			runOnlyForDeploymentPostprocessing = 0;
		};
		649E824B0FD6FAEC0044891D /* Sources */ = {
			isa = PBXSourcesBuildPhase;
			buildActionMask = 2147483647;
			files = (
				649E82620FD6FCA00044891D /* tinytest.cpp in Sources */,
				649E82630FD6FCA40044891D /* beagle.cpp in Sources */,
				649E82640FD6FCA90044891D /* BeagleCPUImpl.cpp in Sources */,
				649E82520FD6FB150044891D /* BeagleCUDAImpl.cpp in Sources */,
				649E82540FD6FB150044891D /* CUDASharedFunctions.c in Sources */,
				649E825F0FD6FC580044891D /* TransitionFunctions.cu in Sources */,
				649E82600FD6FC580044891D /* PeelingFunctions.cu in Sources */,
			);
			runOnlyForDeploymentPostprocessing = 0;
		};
		64E4BB210FE17A8200F7C631 /* Sources */ = {
			isa = PBXSourcesBuildPhase;
			buildActionMask = 2147483647;
			files = (
				64E4BB330FE17AF300F7C631 /* fourtaxon.cpp in Sources */,
				64E4BB230FE17A8200F7C631 /* beagle.cpp in Sources */,
				64E4BB240FE17A8200F7C631 /* BeagleCPUImpl.cpp in Sources */,
				64E4BB250FE17A8200F7C631 /* BeagleCUDAImpl.cpp in Sources */,
				64E4BB260FE17A8200F7C631 /* CUDASharedFunctions.c in Sources */,
				64E4BB280FE17A8200F7C631 /* TransitionFunctions.cu in Sources */,
				64E4BB290FE17A8200F7C631 /* PeelingFunctions.cu in Sources */,
			);
			runOnlyForDeploymentPostprocessing = 0;
		};
		64F21C6F0FD2C0BA00678D0B /* Sources */ = {
			isa = PBXSourcesBuildPhase;
			buildActionMask = 2147483647;
			files = (
				64BA0A5B0FD46C2200E5EA7A /* tinytest.cpp in Sources */,
				64F21C770FD2C10300678D0B /* beagle.cpp in Sources */,
				64F21C780FD2C10300678D0B /* BeagleCPUImpl.cpp in Sources */,
			);
			runOnlyForDeploymentPostprocessing = 0;
		};
/* End PBXSourcesBuildPhase section */

/* Begin XCBuildConfiguration section */
		1DEB919408733D9F0010E9CD /* Debug */ = {
			isa = XCBuildConfiguration;
			buildSettings = {
				ARCHS = "$(ARCHS_STANDARD_32_BIT)";
				GCC_WARN_ABOUT_RETURN_TYPE = YES;
				GCC_WARN_UNUSED_VARIABLE = YES;
				ONLY_ACTIVE_ARCH = YES;
				PREBINDING = NO;
				SDKROOT = macosx10.5;
			};
			name = Debug;
		};
		1DEB919508733D9F0010E9CD /* Release */ = {
			isa = XCBuildConfiguration;
			buildSettings = {
				ARCHS = "$(ARCHS_STANDARD_32_BIT)";
				GCC_WARN_ABOUT_RETURN_TYPE = YES;
				GCC_WARN_UNUSED_VARIABLE = YES;
				PREBINDING = NO;
				SDKROOT = macosx10.5;
			};
			name = Release;
		};
		643430E00FD2CD0500AFC69E /* Debug */ = {
			isa = XCBuildConfiguration;
			buildSettings = {
				ALWAYS_SEARCH_USER_PATHS = NO;
				COPY_PHASE_STRIP = NO;
				GCC_DYNAMIC_NO_PIC = NO;
				GCC_ENABLE_FIX_AND_CONTINUE = YES;
				GCC_MODEL_TUNING = G5;
				GCC_OPTIMIZATION_LEVEL = 0;
				GCC_PREPROCESSOR_DEFINITIONS = "";
				INSTALL_PATH = /usr/local/bin;
				PREBINDING = NO;
				PRODUCT_NAME = fourTaxonXcode;
				USER_HEADER_SEARCH_PATHS = ../../;
			};
			name = Debug;
		};
		643430E10FD2CD0500AFC69E /* Release */ = {
			isa = XCBuildConfiguration;
			buildSettings = {
				ALWAYS_SEARCH_USER_PATHS = NO;
				COPY_PHASE_STRIP = YES;
				DEBUG_INFORMATION_FORMAT = "dwarf-with-dsym";
				GCC_ENABLE_FIX_AND_CONTINUE = NO;
				GCC_MODEL_TUNING = G5;
				INSTALL_PATH = /usr/local/bin;
				PREBINDING = NO;
				PRODUCT_NAME = fourTaxonXcode;
				USER_HEADER_SEARCH_PATHS = ../../;
				ZERO_LINK = NO;
			};
			name = Release;
		};
		649E82500FD6FAED0044891D /* Debug */ = {
			isa = XCBuildConfiguration;
			buildSettings = {
				ALWAYS_SEARCH_USER_PATHS = NO;
				COPY_PHASE_STRIP = NO;
				CUDA_PREPROCESSOR_DEFINITIONS = "STATE_COUNT=4";
				GCC_DYNAMIC_NO_PIC = NO;
				GCC_ENABLE_FIX_AND_CONTINUE = YES;
				GCC_MODEL_TUNING = G5;
				GCC_OPTIMIZATION_LEVEL = 0;
				GCC_PREPROCESSOR_DEFINITIONS = (
					CUDA,
					"STATE_COUNT=4",
				);
				HEADER_SEARCH_PATHS = (
					../../,
					/usr/local/cuda/include,
				);
				INSTALL_PATH = /usr/local/bin;
				LIBRARY_SEARCH_PATHS = /usr/local/cuda/lib;
				OTHER_LDFLAGS = (
					"-lcuda",
					"-lcudart",
				);
				PREBINDING = NO;
				PRODUCT_NAME = tinyTestGPUXcode;
				USER_HEADER_SEARCH_PATHS = "";
			};
			name = Debug;
		};
		649E82510FD6FAED0044891D /* Release */ = {
			isa = XCBuildConfiguration;
			buildSettings = {
				ALWAYS_SEARCH_USER_PATHS = NO;
				COPY_PHASE_STRIP = YES;
				CUDA_PREPROCESSOR_DEFINITIONS = "STATE_COUNT=4";
				DEBUG_INFORMATION_FORMAT = "dwarf-with-dsym";
				GCC_ENABLE_FIX_AND_CONTINUE = NO;
				GCC_MODEL_TUNING = G5;
				GCC_PREPROCESSOR_DEFINITIONS = (
					CUDA,
					"STATE_COUNT=4",
				);
				HEADER_SEARCH_PATHS = (
					../../,
					/usr/local/cuda/include,
				);
				INSTALL_PATH = /usr/local/bin;
				LIBRARY_SEARCH_PATHS = /usr/local/cuda/lib;
				ONLY_ACTIVE_ARCH = YES;
				OTHER_LDFLAGS = (
					"-lcuda",
					"-lcudart",
				);
				PREBINDING = NO;
				PRODUCT_NAME = tinyTestGPUXcode;
				USER_HEADER_SEARCH_PATHS = "";
				ZERO_LINK = NO;
			};
			name = Release;
		};
		64E4BB2C0FE17A8200F7C631 /* Debug */ = {
			isa = XCBuildConfiguration;
			buildSettings = {
				ALWAYS_SEARCH_USER_PATHS = NO;
				COPY_PHASE_STRIP = NO;
				CUDA_PREPROCESSOR_DEFINITIONS = "STATE_COUNT=4";
				GCC_DYNAMIC_NO_PIC = NO;
				GCC_ENABLE_FIX_AND_CONTINUE = YES;
				GCC_MODEL_TUNING = G5;
				GCC_OPTIMIZATION_LEVEL = 0;
				GCC_PREPROCESSOR_DEFINITIONS = (
					CUDA,
					"STATE_COUNT=4",
				);
				HEADER_SEARCH_PATHS = (
					../../,
					/usr/local/cuda/include,
				);
				INSTALL_PATH = /usr/local/bin;
				LIBRARY_SEARCH_PATHS = /usr/local/cuda/lib;
				OTHER_LDFLAGS = (
					"-lcudart",
					"-lcuda",
				);
				PREBINDING = NO;
				PRODUCT_NAME = fourTaxonGPUXcode;
			};
			name = Debug;
		};
		64E4BB2D0FE17A8200F7C631 /* Release */ = {
			isa = XCBuildConfiguration;
			buildSettings = {
				ALWAYS_SEARCH_USER_PATHS = NO;
				COPY_PHASE_STRIP = YES;
				CUDA_PREPROCESSOR_DEFINITIONS = "STATE_COUNT=4";
				DEBUG_INFORMATION_FORMAT = "dwarf-with-dsym";
				GCC_ENABLE_FIX_AND_CONTINUE = NO;
				GCC_MODEL_TUNING = G5;
				GCC_PREPROCESSOR_DEFINITIONS = (
					CUDA,
					"STATE_COUNT=4",
				);
				HEADER_SEARCH_PATHS = (
					../../,
					/usr/local/cuda/include,
				);
				INSTALL_PATH = /usr/local/bin;
				LIBRARY_SEARCH_PATHS = /usr/local/cuda/lib;
				ONLY_ACTIVE_ARCH = YES;
				OTHER_LDFLAGS = (
					"-lcudart",
					"-lcuda",
				);
				PREBINDING = NO;
				PRODUCT_NAME = fourTaxonGPUXcode;
				ZERO_LINK = NO;
			};
			name = Release;
		};
		64F21C740FD2C0BA00678D0B /* Debug */ = {
			isa = XCBuildConfiguration;
			buildSettings = {
				ALWAYS_SEARCH_USER_PATHS = NO;
				COPY_PHASE_STRIP = NO;
				GCC_DYNAMIC_NO_PIC = NO;
				GCC_ENABLE_FIX_AND_CONTINUE = YES;
				GCC_MODEL_TUNING = G5;
				GCC_OPTIMIZATION_LEVEL = 0;
				GCC_PREPROCESSOR_DEFINITIONS = "STATE_COUNT=4";
				HEADER_SEARCH_PATHS = "";
				INSTALL_PATH = /usr/local/bin;
				PREBINDING = NO;
				PRODUCT_NAME = tinyTestXcode;
				USER_HEADER_SEARCH_PATHS = ../../;
			};
			name = Debug;
		};
		64F21C750FD2C0BA00678D0B /* Release */ = {
			isa = XCBuildConfiguration;
			buildSettings = {
				ALWAYS_SEARCH_USER_PATHS = NO;
				COPY_PHASE_STRIP = YES;
				DEBUG_INFORMATION_FORMAT = "dwarf-with-dsym";
				GCC_ENABLE_FIX_AND_CONTINUE = NO;
				GCC_MODEL_TUNING = G5;
				INSTALL_PATH = /usr/local/bin;
				PREBINDING = NO;
				PRODUCT_NAME = tinyTestXcode;
				USER_HEADER_SEARCH_PATHS = ../../;
				ZERO_LINK = NO;
			};
			name = Release;
		};
/* End XCBuildConfiguration section */

/* Begin XCConfigurationList section */
		1DEB919308733D9F0010E9CD /* Build configuration list for PBXProject "beagle-xcode" */ = {
			isa = XCConfigurationList;
			buildConfigurations = (
				1DEB919408733D9F0010E9CD /* Debug */,
				1DEB919508733D9F0010E9CD /* Release */,
			);
			defaultConfigurationIsVisible = 0;
			defaultConfigurationName = Release;
		};
		643430E20FD2CD2300AFC69E /* Build configuration list for PBXNativeTarget "fourTaxonXcode" */ = {
			isa = XCConfigurationList;
			buildConfigurations = (
				643430E00FD2CD0500AFC69E /* Debug */,
				643430E10FD2CD0500AFC69E /* Release */,
			);
			defaultConfigurationIsVisible = 0;
			defaultConfigurationName = Release;
		};
		649E82590FD6FB330044891D /* Build configuration list for PBXNativeTarget "tinyTestGPUXcode" */ = {
			isa = XCConfigurationList;
			buildConfigurations = (
				649E82500FD6FAED0044891D /* Debug */,
				649E82510FD6FAED0044891D /* Release */,
			);
			defaultConfigurationIsVisible = 0;
			defaultConfigurationName = Release;
		};
		64E4BB2B0FE17A8200F7C631 /* Build configuration list for PBXNativeTarget "fourTaxonGPUXcode" */ = {
			isa = XCConfigurationList;
			buildConfigurations = (
				64E4BB2C0FE17A8200F7C631 /* Debug */,
				64E4BB2D0FE17A8200F7C631 /* Release */,
			);
			defaultConfigurationIsVisible = 0;
			defaultConfigurationName = Release;
		};
		64F21C760FD2C0D800678D0B /* Build configuration list for PBXNativeTarget "tinyTestXcode" */ = {
			isa = XCConfigurationList;
			buildConfigurations = (
				64F21C740FD2C0BA00678D0B /* Debug */,
				64F21C750FD2C0BA00678D0B /* Release */,
			);
			defaultConfigurationIsVisible = 0;
			defaultConfigurationName = Release;
		};
/* End XCConfigurationList section */
	};
	rootObject = 08FB7793FE84155DC02AAC07 /* Project object */;
}
