// !$*UTF8*$!
{
	archiveVersion = 1;
	classes = {
	};
	objectVersion = 45;
	objects = {

/* Begin PBXAggregateTarget section */
		649B46E11024035300FC2C85 /* CUDA_kernels */ = {
			isa = PBXAggregateTarget;
			buildConfigurationList = 649B46E41024038400FC2C85 /* Build configuration list for PBXAggregateTarget "CUDA_kernels" */;
			buildPhases = (
				649B46E01024035300FC2C85 /* Generate CUDA_kernels.h */,
			);
			dependencies = (
			);
			name = CUDA_kernels;
			productName = CUDA_kernels2;
		};
		649B470E1024050D00FC2C85 /* OpenCL_kernels */ = {
			isa = PBXAggregateTarget;
			buildConfigurationList = 649B47111024052B00FC2C85 /* Build configuration list for PBXAggregateTarget "OpenCL_kernels" */;
			buildPhases = (
				649B470D1024050D00FC2C85 /* Generate OpenCL_kernels.h */,
			);
			dependencies = (
			);
			name = OpenCL_kernels;
			productName = OpenCL_kernels2;
		};
/* End PBXAggregateTarget section */

/* Begin PBXBuildFile section */
		6420678E102623AC004AB87A /* tinytest.cpp in Sources */ = {isa = PBXBuildFile; fileRef = 6420678D102623AC004AB87A /* tinytest.cpp */; };
		6420678F102623AC004AB87A /* tinytest.cpp in Sources */ = {isa = PBXBuildFile; fileRef = 6420678D102623AC004AB87A /* tinytest.cpp */; };
		64206790102623AC004AB87A /* tinytest.cpp in Sources */ = {isa = PBXBuildFile; fileRef = 6420678D102623AC004AB87A /* tinytest.cpp */; };
		643430E40FD2CDA100AFC69E /* fourtaxon.cpp in Sources */ = {isa = PBXBuildFile; fileRef = 64F21C4D0FD2B7B400678D0B /* fourtaxon.cpp */; };
		643430E50FD2CE1200AFC69E /* BeagleCPUImpl.cpp in Sources */ = {isa = PBXBuildFile; fileRef = 64F21C380FD2B74900678D0B /* BeagleCPUImpl.cpp */; };
		643430E60FD2CE1500AFC69E /* beagle.cpp in Sources */ = {isa = PBXBuildFile; fileRef = 64F21C360FD2B74900678D0B /* beagle.cpp */; };
		643430FC0FD2CE7B00AFC69E /* fourtaxon.dat in CopyFiles */ = {isa = PBXBuildFile; fileRef = 64F21C4E0FD2B7B500678D0B /* fourtaxon.dat */; };
		644D3EC20FFDBD8300774CDD /* beagle.cpp in Sources */ = {isa = PBXBuildFile; fileRef = 64F21C360FD2B74900678D0B /* beagle.cpp */; };
		644D3EC30FFDBD8300774CDD /* BeagleCPUImpl.cpp in Sources */ = {isa = PBXBuildFile; fileRef = 64F21C380FD2B74900678D0B /* BeagleCPUImpl.cpp */; };
		644D3EC40FFDBD8300774CDD /* BeagleGPUImpl.cpp in Sources */ = {isa = PBXBuildFile; fileRef = 64F21C3B0FD2B74900678D0B /* BeagleGPUImpl.cpp */; };
		644D3F7B0FFEE53200774CDD /* GPUInterfaceCUDA.cpp in Sources */ = {isa = PBXBuildFile; fileRef = 64F21C3F0FD2B74900678D0B /* GPUInterfaceCUDA.cpp */; };
		64574B581000101100603261 /* KernelLauncher.cpp in Sources */ = {isa = PBXBuildFile; fileRef = 649E825D0FD6FC580044891D /* KernelLauncher.cpp */; };
		64574B591000101900603261 /* GPUImplHelper.cpp in Sources */ = {isa = PBXBuildFile; fileRef = 645749650FFF2AE300603261 /* GPUImplHelper.cpp */; };
		646F6E8B10019AA10085DDB1 /* beagle.cpp in Sources */ = {isa = PBXBuildFile; fileRef = 64F21C360FD2B74900678D0B /* beagle.cpp */; };
		646F6E8C10019AA10085DDB1 /* BeagleCPUImpl.cpp in Sources */ = {isa = PBXBuildFile; fileRef = 64F21C380FD2B74900678D0B /* BeagleCPUImpl.cpp */; };
		646F6E8D10019AA10085DDB1 /* BeagleGPUImpl.cpp in Sources */ = {isa = PBXBuildFile; fileRef = 64F21C3B0FD2B74900678D0B /* BeagleGPUImpl.cpp */; };
		646F6E8E10019AA10085DDB1 /* GPUImplHelper.cpp in Sources */ = {isa = PBXBuildFile; fileRef = 645749650FFF2AE300603261 /* GPUImplHelper.cpp */; };
		646F6E8F10019AA10085DDB1 /* KernelLauncher.cpp in Sources */ = {isa = PBXBuildFile; fileRef = 649E825D0FD6FC580044891D /* KernelLauncher.cpp */; };
		646F6E9010019AA10085DDB1 /* GPUInterfaceCUDA.cpp in Sources */ = {isa = PBXBuildFile; fileRef = 64F21C3F0FD2B74900678D0B /* GPUInterfaceCUDA.cpp */; };
		646F6E9910019AE70085DDB1 /* fourtaxon.cpp in Sources */ = {isa = PBXBuildFile; fileRef = 64F21C4D0FD2B7B400678D0B /* fourtaxon.cpp */; };
		646F6ECE10019C510085DDB1 /* beagle.cpp in Sources */ = {isa = PBXBuildFile; fileRef = 64F21C360FD2B74900678D0B /* beagle.cpp */; };
		646F6ECF10019C510085DDB1 /* BeagleCPUImpl.cpp in Sources */ = {isa = PBXBuildFile; fileRef = 64F21C380FD2B74900678D0B /* BeagleCPUImpl.cpp */; };
		646F6ED010019C510085DDB1 /* BeagleGPUImpl.cpp in Sources */ = {isa = PBXBuildFile; fileRef = 64F21C3B0FD2B74900678D0B /* BeagleGPUImpl.cpp */; };
		646F6ED110019C510085DDB1 /* GPUImplHelper.cpp in Sources */ = {isa = PBXBuildFile; fileRef = 645749650FFF2AE300603261 /* GPUImplHelper.cpp */; };
		646F6ED210019C510085DDB1 /* KernelLauncher.cpp in Sources */ = {isa = PBXBuildFile; fileRef = 649E825D0FD6FC580044891D /* KernelLauncher.cpp */; };
		646F6ED310019C510085DDB1 /* GPUInterfaceCUDA.cpp in Sources */ = {isa = PBXBuildFile; fileRef = 64F21C3F0FD2B74900678D0B /* GPUInterfaceCUDA.cpp */; };
		646F6EDD10019CCD0085DDB1 /* fourtaxon.dat in CopyFiles */ = {isa = PBXBuildFile; fileRef = 64F21C4E0FD2B7B500678D0B /* fourtaxon.dat */; };
		646F6EF010019D510085DDB1 /* genomictest.cpp in Sources */ = {isa = PBXBuildFile; fileRef = 64EC49C00FE9BBDB006841E3 /* genomictest.cpp */; };
		6474F5B4101F916D00A1A469 /* beagle.cpp in Sources */ = {isa = PBXBuildFile; fileRef = 64F21C360FD2B74900678D0B /* beagle.cpp */; };
		6474F5B5101F916D00A1A469 /* BeagleCPUImpl.cpp in Sources */ = {isa = PBXBuildFile; fileRef = 64F21C380FD2B74900678D0B /* BeagleCPUImpl.cpp */; };
		6474F5B6101F916D00A1A469 /* BeagleGPUImpl.cpp in Sources */ = {isa = PBXBuildFile; fileRef = 64F21C3B0FD2B74900678D0B /* BeagleGPUImpl.cpp */; };
		6474F5B7101F916D00A1A469 /* GPUImplHelper.cpp in Sources */ = {isa = PBXBuildFile; fileRef = 645749650FFF2AE300603261 /* GPUImplHelper.cpp */; };
		6474F5B8101F916D00A1A469 /* KernelLauncher.cpp in Sources */ = {isa = PBXBuildFile; fileRef = 649E825D0FD6FC580044891D /* KernelLauncher.cpp */; };
		6474F5BB101F916D00A1A469 /* OpenCL.framework in Frameworks */ = {isa = PBXBuildFile; fileRef = 6474F592101F90D200A1A469 /* OpenCL.framework */; };
		6474F5C7101F91BC00A1A469 /* GPUInterfaceOpenCL.cpp in Sources */ = {isa = PBXBuildFile; fileRef = 6474F590101F904B00A1A469 /* GPUInterfaceOpenCL.cpp */; };
		648DE27E102486F80022E549 /* BeagleCPU4StateImpl.cpp in Sources */ = {isa = PBXBuildFile; fileRef = 648DE27C102486F80022E549 /* BeagleCPU4StateImpl.cpp */; };
		648DE27F102486F80022E549 /* BeagleCPU4StateImpl.cpp in Sources */ = {isa = PBXBuildFile; fileRef = 648DE27C102486F80022E549 /* BeagleCPU4StateImpl.cpp */; };
		648DE280102486F80022E549 /* BeagleCPU4StateImpl.cpp in Sources */ = {isa = PBXBuildFile; fileRef = 648DE27C102486F80022E549 /* BeagleCPU4StateImpl.cpp */; };
		648DE317102490F60022E549 /* BeagleCPU4StateImpl.cpp in Sources */ = {isa = PBXBuildFile; fileRef = 648DE27C102486F80022E549 /* BeagleCPU4StateImpl.cpp */; };
		648DE318102491000022E549 /* BeagleCPU4StateImpl.cpp in Sources */ = {isa = PBXBuildFile; fileRef = 648DE27C102486F80022E549 /* BeagleCPU4StateImpl.cpp */; };
		648DE3191024911A0022E549 /* BeagleCPU4StateImpl.cpp in Sources */ = {isa = PBXBuildFile; fileRef = 648DE27C102486F80022E549 /* BeagleCPU4StateImpl.cpp */; };
		648DE31A102491250022E549 /* BeagleCPU4StateImpl.cpp in Sources */ = {isa = PBXBuildFile; fileRef = 648DE27C102486F80022E549 /* BeagleCPU4StateImpl.cpp */; };
		64C0EB371034BC820004734E /* beagle.cpp in Sources */ = {isa = PBXBuildFile; fileRef = 64F21C360FD2B74900678D0B /* beagle.cpp */; };
		64C0EB381034BC820004734E /* BeagleCPUImpl.cpp in Sources */ = {isa = PBXBuildFile; fileRef = 64F21C380FD2B74900678D0B /* BeagleCPUImpl.cpp */; };
		64C0EB391034BC820004734E /* BeagleCPU4StateImpl.cpp in Sources */ = {isa = PBXBuildFile; fileRef = 648DE27C102486F80022E549 /* BeagleCPU4StateImpl.cpp */; };
		64C0EB3A1034BC820004734E /* BeagleGPUImpl.cpp in Sources */ = {isa = PBXBuildFile; fileRef = 64F21C3B0FD2B74900678D0B /* BeagleGPUImpl.cpp */; };
		64C0EB3B1034BC820004734E /* GPUImplHelper.cpp in Sources */ = {isa = PBXBuildFile; fileRef = 645749650FFF2AE300603261 /* GPUImplHelper.cpp */; };
		64C0EB3C1034BC820004734E /* KernelLauncher.cpp in Sources */ = {isa = PBXBuildFile; fileRef = 649E825D0FD6FC580044891D /* KernelLauncher.cpp */; };
		64C0EB3D1034BC820004734E /* GPUInterfaceOpenCL.cpp in Sources */ = {isa = PBXBuildFile; fileRef = 6474F590101F904B00A1A469 /* GPUInterfaceOpenCL.cpp */; };
		64C0EB401034BC820004734E /* OpenCL.framework in Frameworks */ = {isa = PBXBuildFile; fileRef = 6474F592101F90D200A1A469 /* OpenCL.framework */; };
		64C0EB461034BCC30004734E /* genomictest.cpp in Sources */ = {isa = PBXBuildFile; fileRef = 64EC49C00FE9BBDB006841E3 /* genomictest.cpp */; };
		64D10A551033B8F4009EC5FB /* beagle.cpp in Sources */ = {isa = PBXBuildFile; fileRef = 64F21C360FD2B74900678D0B /* beagle.cpp */; };
		64D10A561033B8F4009EC5FB /* BeagleCPUImpl.cpp in Sources */ = {isa = PBXBuildFile; fileRef = 64F21C380FD2B74900678D0B /* BeagleCPUImpl.cpp */; };
		64D10A571033B8F4009EC5FB /* BeagleCPU4StateImpl.cpp in Sources */ = {isa = PBXBuildFile; fileRef = 648DE27C102486F80022E549 /* BeagleCPU4StateImpl.cpp */; };
		64D10A581033B8F4009EC5FB /* BeagleGPUImpl.cpp in Sources */ = {isa = PBXBuildFile; fileRef = 64F21C3B0FD2B74900678D0B /* BeagleGPUImpl.cpp */; };
		64D10A591033B8F4009EC5FB /* GPUImplHelper.cpp in Sources */ = {isa = PBXBuildFile; fileRef = 645749650FFF2AE300603261 /* GPUImplHelper.cpp */; };
		64D10A5A1033B8F4009EC5FB /* KernelLauncher.cpp in Sources */ = {isa = PBXBuildFile; fileRef = 649E825D0FD6FC580044891D /* KernelLauncher.cpp */; };
		64D10A5B1033B8F4009EC5FB /* GPUInterfaceOpenCL.cpp in Sources */ = {isa = PBXBuildFile; fileRef = 6474F590101F904B00A1A469 /* GPUInterfaceOpenCL.cpp */; };
		64D10A5E1033B8F4009EC5FB /* OpenCL.framework in Frameworks */ = {isa = PBXBuildFile; fileRef = 6474F592101F90D200A1A469 /* OpenCL.framework */; };
		64D10A9C1033BEFB009EC5FB /* fourtaxon.cpp in Sources */ = {isa = PBXBuildFile; fileRef = 64F21C4D0FD2B7B400678D0B /* fourtaxon.cpp */; };
		64EC49DB0FE9BD0B006841E3 /* beagle.cpp in Sources */ = {isa = PBXBuildFile; fileRef = 64F21C360FD2B74900678D0B /* beagle.cpp */; };
		64EC49DC0FE9BD0B006841E3 /* BeagleCPUImpl.cpp in Sources */ = {isa = PBXBuildFile; fileRef = 64F21C380FD2B74900678D0B /* BeagleCPUImpl.cpp */; };
		64EC49E30FE9BD2E006841E3 /* genomictest.cpp in Sources */ = {isa = PBXBuildFile; fileRef = 64EC49C00FE9BBDB006841E3 /* genomictest.cpp */; };
		64F21C770FD2C10300678D0B /* beagle.cpp in Sources */ = {isa = PBXBuildFile; fileRef = 64F21C360FD2B74900678D0B /* beagle.cpp */; };
		64F21C780FD2C10300678D0B /* BeagleCPUImpl.cpp in Sources */ = {isa = PBXBuildFile; fileRef = 64F21C380FD2B74900678D0B /* BeagleCPUImpl.cpp */; };
/* End PBXBuildFile section */

/* Begin PBXContainerItemProxy section */
		649B46E5102403CA00FC2C85 /* PBXContainerItemProxy */ = {
			isa = PBXContainerItemProxy;
			containerPortal = 08FB7793FE84155DC02AAC07 /* Project object */;
			proxyType = 1;
			remoteGlobalIDString = 649B46E11024035300FC2C85;
			remoteInfo = CUDA_kernels;
		};
		649B46E7102403D300FC2C85 /* PBXContainerItemProxy */ = {
			isa = PBXContainerItemProxy;
			containerPortal = 08FB7793FE84155DC02AAC07 /* Project object */;
			proxyType = 1;
			remoteGlobalIDString = 649B46E11024035300FC2C85;
			remoteInfo = CUDA_kernels;
		};
		649B46E9102403D800FC2C85 /* PBXContainerItemProxy */ = {
			isa = PBXContainerItemProxy;
			containerPortal = 08FB7793FE84155DC02AAC07 /* Project object */;
			proxyType = 1;
			remoteGlobalIDString = 649B46E11024035300FC2C85;
			remoteInfo = CUDA_kernels;
		};
		649B47121024056E00FC2C85 /* PBXContainerItemProxy */ = {
			isa = PBXContainerItemProxy;
			containerPortal = 08FB7793FE84155DC02AAC07 /* Project object */;
			proxyType = 1;
			remoteGlobalIDString = 649B470E1024050D00FC2C85;
			remoteInfo = OpenCL_kernels;
		};
		64C0EB351034BC820004734E /* PBXContainerItemProxy */ = {
			isa = PBXContainerItemProxy;
			containerPortal = 08FB7793FE84155DC02AAC07 /* Project object */;
			proxyType = 1;
			remoteGlobalIDString = 649B470E1024050D00FC2C85;
			remoteInfo = OpenCL_kernels;
		};
		64D10A531033B8F4009EC5FB /* PBXContainerItemProxy */ = {
			isa = PBXContainerItemProxy;
			containerPortal = 08FB7793FE84155DC02AAC07 /* Project object */;
			proxyType = 1;
			remoteGlobalIDString = 649B470E1024050D00FC2C85;
			remoteInfo = OpenCL_kernels;
		};
/* End PBXContainerItemProxy section */

/* Begin PBXCopyFilesBuildPhase section */
		643431010FD2CE9E00AFC69E /* CopyFiles */ = {
			isa = PBXCopyFilesBuildPhase;
			buildActionMask = 2147483647;
			dstPath = "";
			dstSubfolderSpec = 16;
			files = (
				643430FC0FD2CE7B00AFC69E /* fourtaxon.dat in CopyFiles */,
			);
			runOnlyForDeploymentPostprocessing = 0;
		};
		646F6EDE10019CE10085DDB1 /* CopyFiles */ = {
			isa = PBXCopyFilesBuildPhase;
			buildActionMask = 2147483647;
			dstPath = "";
			dstSubfolderSpec = 7;
			files = (
				646F6EDD10019CCD0085DDB1 /* fourtaxon.dat in CopyFiles */,
			);
			runOnlyForDeploymentPostprocessing = 0;
		};
/* End PBXCopyFilesBuildPhase section */

/* Begin PBXFileReference section */
		64206724102618CE004AB87A /* beagle_BeagleJNIWrapper.cpp */ = {isa = PBXFileReference; fileEncoding = 4; lastKnownFileType = sourcecode.cpp.cpp; name = beagle_BeagleJNIWrapper.cpp; path = ../../libhmsbeagle/JNI/beagle_BeagleJNIWrapper.cpp; sourceTree = SOURCE_ROOT; };
		64206725102618CE004AB87A /* beagle_BeagleJNIWrapper.h */ = {isa = PBXFileReference; fileEncoding = 4; lastKnownFileType = sourcecode.c.h; name = beagle_BeagleJNIWrapper.h; path = ../../libhmsbeagle/JNI/beagle_BeagleJNIWrapper.h; sourceTree = SOURCE_ROOT; };
		6420678D102623AC004AB87A /* tinytest.cpp */ = {isa = PBXFileReference; fileEncoding = 4; lastKnownFileType = sourcecode.cpp.cpp; name = tinytest.cpp; path = ../../examples/tinytest/tinytest.cpp; sourceTree = SOURCE_ROOT; };
		643430DE0FD2CD0400AFC69E /* fourTaxonCPUXcode */ = {isa = PBXFileReference; explicitFileType = "compiled.mach-o.executable"; includeInIndex = 0; path = fourTaxonCPUXcode; sourceTree = BUILT_PRODUCTS_DIR; };
		644D3ECC0FFDBD8300774CDD /* tinyTestCUDAXcode */ = {isa = PBXFileReference; explicitFileType = "compiled.mach-o.executable"; includeInIndex = 0; path = tinyTestCUDAXcode; sourceTree = BUILT_PRODUCTS_DIR; };
		645747CA0FFF069700603261 /* GPUInterface.h */ = {isa = PBXFileReference; fileEncoding = 4; lastKnownFileType = sourcecode.c.h; name = GPUInterface.h; path = ../../libhmsbeagle/GPU/GPUInterface.h; sourceTree = SOURCE_ROOT; };
		645747FC0FFF0B5000603261 /* GPUImplDefs.h */ = {isa = PBXFileReference; fileEncoding = 4; lastKnownFileType = sourcecode.c.h; name = GPUImplDefs.h; path = ../../libhmsbeagle/GPU/GPUImplDefs.h; sourceTree = SOURCE_ROOT; };
		645748DD0FFF28CB00603261 /* KernelLauncher.h */ = {isa = PBXFileReference; fileEncoding = 4; lastKnownFileType = sourcecode.c.h; name = KernelLauncher.h; path = ../../libhmsbeagle/GPU/KernelLauncher.h; sourceTree = SOURCE_ROOT; };
		645749640FFF2AE300603261 /* GPUImplHelper.h */ = {isa = PBXFileReference; fileEncoding = 4; lastKnownFileType = sourcecode.c.h; name = GPUImplHelper.h; path = ../../libhmsbeagle/GPU/GPUImplHelper.h; sourceTree = SOURCE_ROOT; };
		645749650FFF2AE300603261 /* GPUImplHelper.cpp */ = {isa = PBXFileReference; fileEncoding = 4; lastKnownFileType = sourcecode.cpp.cpp; name = GPUImplHelper.cpp; path = ../../libhmsbeagle/GPU/GPUImplHelper.cpp; sourceTree = SOURCE_ROOT; };
		646F6E9710019AA10085DDB1 /* fourTaxonCUDAXcode */ = {isa = PBXFileReference; explicitFileType = "compiled.mach-o.executable"; includeInIndex = 0; path = fourTaxonCUDAXcode; sourceTree = BUILT_PRODUCTS_DIR; };
		646F6EDA10019C510085DDB1 /* genomicTestCUDAXcode */ = {isa = PBXFileReference; explicitFileType = "compiled.mach-o.executable"; includeInIndex = 0; path = genomicTestCUDAXcode; sourceTree = BUILT_PRODUCTS_DIR; };
		6474F590101F904B00A1A469 /* GPUInterfaceOpenCL.cpp */ = {isa = PBXFileReference; fileEncoding = 4; lastKnownFileType = sourcecode.cpp.cpp; name = GPUInterfaceOpenCL.cpp; path = ../../libhmsbeagle/GPU/GPUInterfaceOpenCL.cpp; sourceTree = SOURCE_ROOT; };
		6474F592101F90D200A1A469 /* OpenCL.framework */ = {isa = PBXFileReference; lastKnownFileType = wrapper.framework; name = OpenCL.framework; path = /System/Library/Frameworks/OpenCL.framework; sourceTree = "<absolute>"; };
		6474F5BF101F916D00A1A469 /* tinyTestOpenCLXcode */ = {isa = PBXFileReference; explicitFileType = "compiled.mach-o.executable"; includeInIndex = 0; path = tinyTestOpenCLXcode; sourceTree = BUILT_PRODUCTS_DIR; };
		6474F5E9101F927700A1A469 /* BeagleOpenCL_kernels.cl */ = {isa = PBXFileReference; fileEncoding = 4; lastKnownFileType = sourcecode.opencl; name = BeagleOpenCL_kernels.cl; path = ../../libhmsbeagle/GPU/BeagleOpenCL_kernels.cl; sourceTree = SOURCE_ROOT; };
		64835D231055719000561CFA /* kernelsX.cu */ = {isa = PBXFileReference; fileEncoding = 4; lastKnownFileType = sourcecode.cuda; name = kernelsX.cu; path = "Projects/beagle-lib/libhmsbeagle/GPU/kernels/kernelsX.cu"; sourceTree = DEVELOPER_DIR; };
		64835D241055719000561CFA /* kernelsAll.cu */ = {isa = PBXFileReference; fileEncoding = 4; lastKnownFileType = sourcecode.cuda; name = kernelsAll.cu; path = "Projects/beagle-lib/libhmsbeagle/GPU/kernels/kernelsAll.cu"; sourceTree = DEVELOPER_DIR; };
		64835D251055719000561CFA /* kernels4.cu */ = {isa = PBXFileReference; fileEncoding = 4; lastKnownFileType = sourcecode.cuda; name = kernels4.cu; path = "Projects/beagle-lib/libhmsbeagle/GPU/kernels/kernels4.cu"; sourceTree = DEVELOPER_DIR; };
		648DE27C102486F80022E549 /* BeagleCPU4StateImpl.cpp */ = {isa = PBXFileReference; fileEncoding = 4; lastKnownFileType = sourcecode.cpp.cpp; name = BeagleCPU4StateImpl.cpp; path = ../../libhmsbeagle/CPU/BeagleCPU4StateImpl.cpp; sourceTree = SOURCE_ROOT; };
		648DE27D102486F80022E549 /* BeagleCPU4StateImpl.h */ = {isa = PBXFileReference; fileEncoding = 4; lastKnownFileType = sourcecode.c.h; name = BeagleCPU4StateImpl.h; path = ../../libhmsbeagle/CPU/BeagleCPU4StateImpl.h; sourceTree = SOURCE_ROOT; };
		649E825D0FD6FC580044891D /* KernelLauncher.cpp */ = {isa = PBXFileReference; fileEncoding = 4; lastKnownFileType = sourcecode.cpp.cpp; name = KernelLauncher.cpp; path = ../../libhmsbeagle/GPU/KernelLauncher.cpp; sourceTree = SOURCE_ROOT; };
		649E83130FD705BA0044891D /* CUDA.Makefile */ = {isa = PBXFileReference; fileEncoding = 4; lastKnownFileType = text; name = CUDA.Makefile; path = ../../CUDA.Makefile; sourceTree = SOURCE_ROOT; xcLanguageSpecificationIdentifier = xcode.lang.make; };
		64BA0A500FD46BCF00E5EA7A /* check_lnL_using_BEAST.xml */ = {isa = PBXFileReference; fileEncoding = 4; lastKnownFileType = text.xml; name = check_lnL_using_BEAST.xml; path = ../../examples/tinytest/check_lnL_using_BEAST.xml; sourceTree = SOURCE_ROOT; };
		64BA0A510FD46BCF00E5EA7A /* check_lnL_using_paup.nex */ = {isa = PBXFileReference; fileEncoding = 4; lastKnownFileType = text; name = check_lnL_using_paup.nex; path = ../../examples/tinytest/check_lnL_using_paup.nex; sourceTree = SOURCE_ROOT; };
		64C0EB441034BC820004734E /* genomicTestOpenCLXcode */ = {isa = PBXFileReference; explicitFileType = "compiled.mach-o.executable"; includeInIndex = 0; path = genomicTestOpenCLXcode; sourceTree = BUILT_PRODUCTS_DIR; };
		64D10A621033B8F4009EC5FB /* tinyTestCUDAXcode */ = {isa = PBXFileReference; explicitFileType = "compiled.mach-o.executable"; includeInIndex = 0; path = tinyTestCUDAXcode; sourceTree = BUILT_PRODUCTS_DIR; };
		64EC49C00FE9BBDB006841E3 /* genomictest.cpp */ = {isa = PBXFileReference; fileEncoding = 4; lastKnownFileType = sourcecode.cpp.cpp; name = genomictest.cpp; path = ../../examples/genomictest/genomictest.cpp; sourceTree = SOURCE_ROOT; };
		64EC49E10FE9BD0B006841E3 /* genomicTestCPUXcode */ = {isa = PBXFileReference; explicitFileType = "compiled.mach-o.executable"; includeInIndex = 0; path = genomicTestCPUXcode; sourceTree = BUILT_PRODUCTS_DIR; };
		64F21C360FD2B74900678D0B /* beagle.cpp */ = {isa = PBXFileReference; fileEncoding = 4; lastKnownFileType = sourcecode.cpp.cpp; name = beagle.cpp; path = ../../libhmsbeagle/beagle.cpp; sourceTree = SOURCE_ROOT; };
		64F21C380FD2B74900678D0B /* BeagleCPUImpl.cpp */ = {isa = PBXFileReference; fileEncoding = 4; lastKnownFileType = sourcecode.cpp.cpp; name = BeagleCPUImpl.cpp; path = ../../libhmsbeagle/CPU/BeagleCPUImpl.cpp; sourceTree = SOURCE_ROOT; };
		64F21C390FD2B74900678D0B /* BeagleCPUImpl.h */ = {isa = PBXFileReference; fileEncoding = 4; lastKnownFileType = sourcecode.c.h; name = BeagleCPUImpl.h; path = ../../libhmsbeagle/CPU/BeagleCPUImpl.h; sourceTree = SOURCE_ROOT; };
		64F21C3B0FD2B74900678D0B /* BeagleGPUImpl.cpp */ = {isa = PBXFileReference; fileEncoding = 4; lastKnownFileType = sourcecode.cpp.cpp; name = BeagleGPUImpl.cpp; path = ../../libhmsbeagle/GPU/BeagleGPUImpl.cpp; sourceTree = SOURCE_ROOT; };
		64F21C3C0FD2B74900678D0B /* BeagleGPUImpl.h */ = {isa = PBXFileReference; fileEncoding = 4; lastKnownFileType = sourcecode.c.h; name = BeagleGPUImpl.h; path = ../../libhmsbeagle/GPU/BeagleGPUImpl.h; sourceTree = SOURCE_ROOT; };
		64F21C3F0FD2B74900678D0B /* GPUInterfaceCUDA.cpp */ = {isa = PBXFileReference; fileEncoding = 4; lastKnownFileType = sourcecode.cpp.cpp; name = GPUInterfaceCUDA.cpp; path = ../../libhmsbeagle/GPU/GPUInterfaceCUDA.cpp; sourceTree = SOURCE_ROOT; };
		64F21C490FD2B76300678D0B /* beagle.h */ = {isa = PBXFileReference; fileEncoding = 4; lastKnownFileType = sourcecode.c.h; name = beagle.h; path = ../../libhmsbeagle/beagle.h; sourceTree = SOURCE_ROOT; };
		64F21C4A0FD2B76300678D0B /* BeagleImpl.h */ = {isa = PBXFileReference; fileEncoding = 4; lastKnownFileType = sourcecode.c.h; name = BeagleImpl.h; path = ../../libhmsbeagle/BeagleImpl.h; sourceTree = SOURCE_ROOT; };
		64F21C4D0FD2B7B400678D0B /* fourtaxon.cpp */ = {isa = PBXFileReference; fileEncoding = 4; lastKnownFileType = sourcecode.cpp.cpp; name = fourtaxon.cpp; path = ../../examples/fourtaxon/fourtaxon.cpp; sourceTree = SOURCE_ROOT; };
		64F21C4E0FD2B7B500678D0B /* fourtaxon.dat */ = {isa = PBXFileReference; fileEncoding = 4; lastKnownFileType = text; name = fourtaxon.dat; path = ../../examples/fourtaxon/fourtaxon.dat; sourceTree = SOURCE_ROOT; };
		64F21C4F0FD2B7B500678D0B /* fourtaxon.hpp */ = {isa = PBXFileReference; fileEncoding = 4; lastKnownFileType = sourcecode.cpp.h; name = fourtaxon.hpp; path = ../../examples/fourtaxon/fourtaxon.hpp; sourceTree = SOURCE_ROOT; };
		64F21C720FD2C0BA00678D0B /* tinyTestCPUXcode */ = {isa = PBXFileReference; explicitFileType = "compiled.mach-o.executable"; includeInIndex = 0; path = tinyTestCPUXcode; sourceTree = BUILT_PRODUCTS_DIR; };
/* End PBXFileReference section */

/* Begin PBXFrameworksBuildPhase section */
		643430DC0FD2CD0400AFC69E /* Frameworks */ = {
			isa = PBXFrameworksBuildPhase;
			buildActionMask = 2147483647;
			files = (
			);
			runOnlyForDeploymentPostprocessing = 0;
		};
		644D3EC80FFDBD8300774CDD /* Frameworks */ = {
			isa = PBXFrameworksBuildPhase;
			buildActionMask = 2147483647;
			files = (
			);
			runOnlyForDeploymentPostprocessing = 0;
		};
		646F6E9210019AA10085DDB1 /* Frameworks */ = {
			isa = PBXFrameworksBuildPhase;
			buildActionMask = 2147483647;
			files = (
			);
			runOnlyForDeploymentPostprocessing = 0;
		};
		646F6ED510019C510085DDB1 /* Frameworks */ = {
			isa = PBXFrameworksBuildPhase;
			buildActionMask = 2147483647;
			files = (
			);
			runOnlyForDeploymentPostprocessing = 0;
		};
		6474F5BA101F916D00A1A469 /* Frameworks */ = {
			isa = PBXFrameworksBuildPhase;
			buildActionMask = 2147483647;
			files = (
				6474F5BB101F916D00A1A469 /* OpenCL.framework in Frameworks */,
			);
			runOnlyForDeploymentPostprocessing = 0;
		};
		64C0EB3F1034BC820004734E /* Frameworks */ = {
			isa = PBXFrameworksBuildPhase;
			buildActionMask = 2147483647;
			files = (
				64C0EB401034BC820004734E /* OpenCL.framework in Frameworks */,
			);
			runOnlyForDeploymentPostprocessing = 0;
		};
		64D10A5D1033B8F4009EC5FB /* Frameworks */ = {
			isa = PBXFrameworksBuildPhase;
			buildActionMask = 2147483647;
			files = (
				64D10A5E1033B8F4009EC5FB /* OpenCL.framework in Frameworks */,
			);
			runOnlyForDeploymentPostprocessing = 0;
		};
		64EC49DD0FE9BD0B006841E3 /* Frameworks */ = {
			isa = PBXFrameworksBuildPhase;
			buildActionMask = 2147483647;
			files = (
			);
			runOnlyForDeploymentPostprocessing = 0;
		};
		64F21C700FD2C0BA00678D0B /* Frameworks */ = {
			isa = PBXFrameworksBuildPhase;
			buildActionMask = 2147483647;
			files = (
			);
			runOnlyForDeploymentPostprocessing = 0;
		};
/* End PBXFrameworksBuildPhase section */

/* Begin PBXGroup section */
		08FB7794FE84155DC02AAC07 /* beagle-xcode */ = {
			isa = PBXGroup;
			children = (
				649E82ED0FD703C10044891D /* Beagle */,
				649C82471027867600B21A29 /* CPU Impl */,
				649C82611027A32200B21A29 /* CPU 4State Impl */,
				649C82481027869400B21A29 /* GPU Impl */,
				649C825D1027A25500B21A29 /* GPU CUDA */,
				649C825E1027A26000B21A29 /* GPU OpenCL */,
				649C82461027866E00B21A29 /* Examples */,
				64206723102618CE004AB87A /* JNI */,
				6474F594101F90EB00A1A469 /* Frameworks */,
				649E82EE0FD703EA0044891D /* Other */,
				64F21C5D0FD2B93B00678D0B /* Products */,
			);
			name = "beagle-xcode";
			sourceTree = "<group>";
		};
		64206723102618CE004AB87A /* JNI */ = {
			isa = PBXGroup;
			children = (
				64206724102618CE004AB87A /* beagle_BeagleJNIWrapper.cpp */,
				64206725102618CE004AB87A /* beagle_BeagleJNIWrapper.h */,
			);
			name = JNI;
			path = ../../libhmsbeagle/JNI;
			sourceTree = SOURCE_ROOT;
		};
		6474F594101F90EB00A1A469 /* Frameworks */ = {
			isa = PBXGroup;
			children = (
				6474F592101F90D200A1A469 /* OpenCL.framework */,
			);
			name = Frameworks;
			sourceTree = "<group>";
		};
		649C82461027866E00B21A29 /* Examples */ = {
			isa = PBXGroup;
			children = (
				6420678D102623AC004AB87A /* tinytest.cpp */,
				64F21C4F0FD2B7B500678D0B /* fourtaxon.hpp */,
				64F21C4D0FD2B7B400678D0B /* fourtaxon.cpp */,
				64EC49C00FE9BBDB006841E3 /* genomictest.cpp */,
			);
			name = Examples;
			sourceTree = SOURCE_ROOT;
		};
		649C82471027867600B21A29 /* CPU Impl */ = {
			isa = PBXGroup;
			children = (
				64F21C390FD2B74900678D0B /* BeagleCPUImpl.h */,
				64F21C380FD2B74900678D0B /* BeagleCPUImpl.cpp */,
			);
			name = "CPU Impl";
			sourceTree = SOURCE_ROOT;
		};
		649C82481027869400B21A29 /* GPU Impl */ = {
			isa = PBXGroup;
			children = (
				645747FC0FFF0B5000603261 /* GPUImplDefs.h */,
				64F21C3C0FD2B74900678D0B /* BeagleGPUImpl.h */,
				64F21C3B0FD2B74900678D0B /* BeagleGPUImpl.cpp */,
				645749640FFF2AE300603261 /* GPUImplHelper.h */,
				645749650FFF2AE300603261 /* GPUImplHelper.cpp */,
				645748DD0FFF28CB00603261 /* KernelLauncher.h */,
				649E825D0FD6FC580044891D /* KernelLauncher.cpp */,
				645747CA0FFF069700603261 /* GPUInterface.h */,
			);
			name = "GPU Impl";
			sourceTree = SOURCE_ROOT;
		};
		649C825D1027A25500B21A29 /* GPU CUDA */ = {
			isa = PBXGroup;
			children = (
				64F21C3F0FD2B74900678D0B /* GPUInterfaceCUDA.cpp */,
				64835D251055719000561CFA /* kernels4.cu */,
				64835D231055719000561CFA /* kernelsX.cu */,
				64835D241055719000561CFA /* kernelsAll.cu */,
			);
			name = "GPU CUDA";
			sourceTree = SOURCE_ROOT;
		};
		649C825E1027A26000B21A29 /* GPU OpenCL */ = {
			isa = PBXGroup;
			children = (
				6474F590101F904B00A1A469 /* GPUInterfaceOpenCL.cpp */,
				6474F5E9101F927700A1A469 /* BeagleOpenCL_kernels.cl */,
			);
			name = "GPU OpenCL";
			sourceTree = SOURCE_ROOT;
		};
		649C82611027A32200B21A29 /* CPU 4State Impl */ = {
			isa = PBXGroup;
			children = (
				648DE27D102486F80022E549 /* BeagleCPU4StateImpl.h */,
				648DE27C102486F80022E549 /* BeagleCPU4StateImpl.cpp */,
			);
			name = "CPU 4State Impl";
			sourceTree = SOURCE_ROOT;
		};
		649E82ED0FD703C10044891D /* Beagle */ = {
			isa = PBXGroup;
			children = (
				64F21C490FD2B76300678D0B /* beagle.h */,
				64F21C360FD2B74900678D0B /* beagle.cpp */,
				64F21C4A0FD2B76300678D0B /* BeagleImpl.h */,
			);
			name = Beagle;
			sourceTree = "<group>";
		};
		649E82EE0FD703EA0044891D /* Other */ = {
			isa = PBXGroup;
			children = (
				649E83130FD705BA0044891D /* CUDA.Makefile */,
				64F21C4E0FD2B7B500678D0B /* fourtaxon.dat */,
				64BA0A500FD46BCF00E5EA7A /* check_lnL_using_BEAST.xml */,
				64BA0A510FD46BCF00E5EA7A /* check_lnL_using_paup.nex */,
			);
			name = Other;
			sourceTree = "<group>";
		};
		64F21C5D0FD2B93B00678D0B /* Products */ = {
			isa = PBXGroup;
			children = (
				64F21C720FD2C0BA00678D0B /* tinyTestCPUXcode */,
				643430DE0FD2CD0400AFC69E /* fourTaxonCPUXcode */,
				64EC49E10FE9BD0B006841E3 /* genomicTestCPUXcode */,
				644D3ECC0FFDBD8300774CDD /* tinyTestCUDAXcode */,
				646F6E9710019AA10085DDB1 /* fourTaxonCUDAXcode */,
				646F6EDA10019C510085DDB1 /* genomicTestCUDAXcode */,
				6474F5BF101F916D00A1A469 /* tinyTestOpenCLXcode */,
				64D10A621033B8F4009EC5FB /* tinyTestCUDAXcode */,
				64C0EB441034BC820004734E /* genomicTestOpenCLXcode */,
			);
			name = Products;
			sourceTree = "<group>";
		};
/* End PBXGroup section */

/* Begin PBXNativeTarget section */
		643430DD0FD2CD0400AFC69E /* fourTaxonCPUXcode */ = {
			isa = PBXNativeTarget;
			buildConfigurationList = 643430E20FD2CD2300AFC69E /* Build configuration list for PBXNativeTarget "fourTaxonCPUXcode" */;
			buildPhases = (
				643430DB0FD2CD0400AFC69E /* Sources */,
				643430DC0FD2CD0400AFC69E /* Frameworks */,
				643431010FD2CE9E00AFC69E /* CopyFiles */,
			);
			buildRules = (
			);
			dependencies = (
			);
			name = fourTaxonCPUXcode;
			productName = fourTaxonXcode;
			productReference = 643430DE0FD2CD0400AFC69E /* fourTaxonCPUXcode */;
			productType = "com.apple.product-type.tool";
		};
		644D3EBF0FFDBD8300774CDD /* tinyTestCUDAXcode */ = {
			isa = PBXNativeTarget;
			buildConfigurationList = 644D3EC90FFDBD8300774CDD /* Build configuration list for PBXNativeTarget "tinyTestCUDAXcode" */;
			buildPhases = (
				644D3EC00FFDBD8300774CDD /* Sources */,
				644D3EC80FFDBD8300774CDD /* Frameworks */,
			);
			buildRules = (
			);
			dependencies = (
				649B46E6102403CA00FC2C85 /* PBXTargetDependency */,
			);
			name = tinyTestCUDAXcode;
			productName = tinyTestGPUXcode;
			productReference = 644D3ECC0FFDBD8300774CDD /* tinyTestCUDAXcode */;
			productType = "com.apple.product-type.tool";
		};
		646F6E8810019AA10085DDB1 /* fourTaxonCUDAXcode */ = {
			isa = PBXNativeTarget;
			buildConfigurationList = 646F6E9410019AA10085DDB1 /* Build configuration list for PBXNativeTarget "fourTaxonCUDAXcode" */;
			buildPhases = (
				646F6E8910019AA10085DDB1 /* Sources */,
				646F6E9210019AA10085DDB1 /* Frameworks */,
				646F6EDE10019CE10085DDB1 /* CopyFiles */,
			);
			buildRules = (
			);
			dependencies = (
				649B46E8102403D300FC2C85 /* PBXTargetDependency */,
			);
			name = fourTaxonCUDAXcode;
			productName = tinyTestGPUXcode;
			productReference = 646F6E9710019AA10085DDB1 /* fourTaxonCUDAXcode */;
			productType = "com.apple.product-type.tool";
		};
		646F6ECB10019C510085DDB1 /* genomicTestCUDAXcode */ = {
			isa = PBXNativeTarget;
			buildConfigurationList = 646F6ED710019C510085DDB1 /* Build configuration list for PBXNativeTarget "genomicTestCUDAXcode" */;
			buildPhases = (
				646F6ECC10019C510085DDB1 /* Sources */,
				646F6ED510019C510085DDB1 /* Frameworks */,
			);
			buildRules = (
			);
			dependencies = (
				649B46EA102403D800FC2C85 /* PBXTargetDependency */,
			);
			name = genomicTestCUDAXcode;
			productName = tinyTestGPUXcode;
			productReference = 646F6EDA10019C510085DDB1 /* genomicTestCUDAXcode */;
			productType = "com.apple.product-type.tool";
		};
		6474F5AF101F916D00A1A469 /* tinyTestOpenCLXcode */ = {
			isa = PBXNativeTarget;
			buildConfigurationList = 6474F5BC101F916D00A1A469 /* Build configuration list for PBXNativeTarget "tinyTestOpenCLXcode" */;
			buildPhases = (
				6474F5B2101F916D00A1A469 /* Sources */,
				6474F5BA101F916D00A1A469 /* Frameworks */,
			);
			buildRules = (
			);
			dependencies = (
				649B47131024056E00FC2C85 /* PBXTargetDependency */,
			);
			name = tinyTestOpenCLXcode;
			productName = tinyTestGPUXcode;
			productReference = 6474F5BF101F916D00A1A469 /* tinyTestOpenCLXcode */;
			productType = "com.apple.product-type.tool";
		};
		64C0EB331034BC820004734E /* genomicTestOpenCLXcode */ = {
			isa = PBXNativeTarget;
			buildConfigurationList = 64C0EB411034BC820004734E /* Build configuration list for PBXNativeTarget "genomicTestOpenCLXcode" */;
			buildPhases = (
				64C0EB361034BC820004734E /* Sources */,
				64C0EB3F1034BC820004734E /* Frameworks */,
			);
			buildRules = (
			);
			dependencies = (
				64C0EB341034BC820004734E /* PBXTargetDependency */,
			);
			name = genomicTestOpenCLXcode;
			productName = tinyTestGPUXcode;
			productReference = 64C0EB441034BC820004734E /* genomicTestOpenCLXcode */;
			productType = "com.apple.product-type.tool";
		};
		64D10A511033B8F4009EC5FB /* fourTaxonOpenCLXcode */ = {
			isa = PBXNativeTarget;
			buildConfigurationList = 64D10A5F1033B8F4009EC5FB /* Build configuration list for PBXNativeTarget "fourTaxonOpenCLXcode" */;
			buildPhases = (
				64D10A541033B8F4009EC5FB /* Sources */,
				64D10A5D1033B8F4009EC5FB /* Frameworks */,
			);
			buildRules = (
			);
			dependencies = (
				64D10A521033B8F4009EC5FB /* PBXTargetDependency */,
			);
			name = fourTaxonOpenCLXcode;
			productName = tinyTestGPUXcode;
			productReference = 64D10A621033B8F4009EC5FB /* tinyTestCUDAXcode */;
			productType = "com.apple.product-type.tool";
		};
		64EC49D80FE9BD0B006841E3 /* genomicTestCPUXcode */ = {
			isa = PBXNativeTarget;
			buildConfigurationList = 64EC49DE0FE9BD0B006841E3 /* Build configuration list for PBXNativeTarget "genomicTestCPUXcode" */;
			buildPhases = (
				64EC49D90FE9BD0B006841E3 /* Sources */,
				64EC49DD0FE9BD0B006841E3 /* Frameworks */,
			);
			buildRules = (
			);
			dependencies = (
			);
			name = genomicTestCPUXcode;
			productName = tinyTestXcode;
			productReference = 64EC49E10FE9BD0B006841E3 /* genomicTestCPUXcode */;
			productType = "com.apple.product-type.tool";
		};
		64F21C710FD2C0BA00678D0B /* tinyTestCPUXcode */ = {
			isa = PBXNativeTarget;
			buildConfigurationList = 64F21C760FD2C0D800678D0B /* Build configuration list for PBXNativeTarget "tinyTestCPUXcode" */;
			buildPhases = (
				64F21C6F0FD2C0BA00678D0B /* Sources */,
				64F21C700FD2C0BA00678D0B /* Frameworks */,
			);
			buildRules = (
			);
			dependencies = (
			);
			name = tinyTestCPUXcode;
			productName = tinyTestXcode;
			productReference = 64F21C720FD2C0BA00678D0B /* tinyTestCPUXcode */;
			productType = "com.apple.product-type.tool";
		};
/* End PBXNativeTarget section */

/* Begin PBXProject section */
		08FB7793FE84155DC02AAC07 /* Project object */ = {
			isa = PBXProject;
			buildConfigurationList = 1DEB919308733D9F0010E9CD /* Build configuration list for PBXProject "beagle-xcode" */;
			compatibilityVersion = "Xcode 3.1";
			hasScannedForEncodings = 1;
			mainGroup = 08FB7794FE84155DC02AAC07 /* beagle-xcode */;
			productRefGroup = 64F21C5D0FD2B93B00678D0B /* Products */;
			projectDirPath = "";
			projectRoot = ../..;
			targets = (
				64F21C710FD2C0BA00678D0B /* tinyTestCPUXcode */,
				643430DD0FD2CD0400AFC69E /* fourTaxonCPUXcode */,
				64EC49D80FE9BD0B006841E3 /* genomicTestCPUXcode */,
				644D3EBF0FFDBD8300774CDD /* tinyTestCUDAXcode */,
				646F6E8810019AA10085DDB1 /* fourTaxonCUDAXcode */,
				646F6ECB10019C510085DDB1 /* genomicTestCUDAXcode */,
				6474F5AF101F916D00A1A469 /* tinyTestOpenCLXcode */,
				64D10A511033B8F4009EC5FB /* fourTaxonOpenCLXcode */,
				64C0EB331034BC820004734E /* genomicTestOpenCLXcode */,
				649B46E11024035300FC2C85 /* CUDA_kernels */,
				649B470E1024050D00FC2C85 /* OpenCL_kernels */,
			);
		};
/* End PBXProject section */

/* Begin PBXShellScriptBuildPhase section */
		649B46E01024035300FC2C85 /* Generate CUDA_kernels.h */ = {
			isa = PBXShellScriptBuildPhase;
			buildActionMask = 2147483647;
			files = (
			);
			inputPaths = (
				$PROJECT_DIR/../../libhmsbeagle/GPU/BeagleCUDA_kernels.cu,
			);
			name = "Generate CUDA_kernels.h";
			outputPaths = (
				$PROJECT_DIR/../../libhmsbeagle/GPU/BeagleCUDA_kernels.h,
			);
			runOnlyForDeploymentPostprocessing = 0;
			shellPath = /bin/sh;
			shellScript = "STATE_COUNT_LIST=48 64\n\ncd $PROJECT_DIR/../../libhmsbeagle/GPU/kernels\n\nrm -f BeagleCUDA_kernels.ptx\nrm -f BeagleCUDA_kernels.h\n\necho \"// auto-generated header file with CUDA kernels PTX code\" > BeagleCUDA_kernels.h\n\n# \tCompile 4-state model\n/usr/local/cuda/bin/nvcc -m32 -D_POSIX_C_SOURCE -o BeagleCUDA_kernels_4.ptx -ptx -DSTATE_COUNT=4 ./kernels4.cu -O3 -I$PROJECT_DIR/../.. -DCUDA\necho \"#define KERNELS_STRING_4 \\\"\\\\\" >> BeagleCUDA_kernels.h\ncat BeagleCUDA_kernels_4.ptx | sed 's/\\\"/\\\\\"/g' | sed 's/$/\\\\n\\\\/' >> BeagleCUDA_kernels.h\necho \"\\\"\" >> BeagleCUDA_kernels.h\n\n#\n#\tHERE IS THE LOOP FOR GENERIC KERNELS\n#\n\n/usr/local/cuda/bin/nvcc -m32 -D_POSIX_C_SOURCE -o BeagleCUDA_kernels_48.ptx -ptx -DSTATE_COUNT=48 ./kernelsX.cu -O3 -I$PROJECT_DIR/../.. -DCUDA\necho \"#define KERNELS_STRING_48 \\\"\\\\\" >> BeagleCUDA_kernels.h\ncat BeagleCUDA_kernels_48.ptx | sed 's/\\\"/\\\\\"/g' | sed 's/$/\\\\n\\\\/' >> BeagleCUDA_kernels.h\necho \"\\\"\" >> BeagleCUDA_kernels.h\n\n\n/usr/local/cuda/bin/nvcc -m32 -D_POSIX_C_SOURCE -o BeagleCUDA_kernels_64.ptx -ptx -DSTATE_COUNT=64 ./kernelsX.cu -O3 -I$PROJECT_DIR/../.. -DCUDA\necho \"#define KERNELS_STRING_64 \\\"\\\\\" >> BeagleCUDA_kernels.h\ncat BeagleCUDA_kernels_64.ptx | sed 's/\\\"/\\\\\"/g' | sed 's/$/\\\\n\\\\/' >> BeagleCUDA_kernels.h\necho \"\\\"\" >> BeagleCUDA_kernels.h\n\n\nexit 0\n";
			showEnvVarsInLog = 0;
		};
		649B470D1024050D00FC2C85 /* Generate OpenCL_kernels.h */ = {
			isa = PBXShellScriptBuildPhase;
			buildActionMask = 2147483647;
			files = (
			);
			inputPaths = (
				$PROJECT_DIR/../../libhmsbeagle/GPU/BeagleOpenCL_kernels.cl,
			);
			name = "Generate OpenCL_kernels.h";
			outputPaths = (
				$PROJECT_DIR/../../libhmsbeagle/GPU/BeagleOpenCL_kernels.h,
			);
			runOnlyForDeploymentPostprocessing = 0;
			shellPath = /bin/sh;
			shellScript = "cd $PROJECT_DIR/../../libhmsbeagle/GPU/\n\necho \"// auto-generated header file with OpenCL kernels code\" > BeagleOpenCL_kernels.h\n\necho \"#define KERNELS_STRING \\\"\\\\\" >> BeagleOpenCL_kernels.h\n\ncat BeagleOpenCL_kernels.cl | sed 's/\\\"/\\\\\"/g' | sed 's/$/\\\\n\\\\/' >> BeagleOpenCL_kernels.h\n\necho \"\\\"\" >> BeagleOpenCL_kernels.h\n\nexit 0";
			showEnvVarsInLog = 0;
		};
/* End PBXShellScriptBuildPhase section */

/* Begin PBXSourcesBuildPhase section */
		643430DB0FD2CD0400AFC69E /* Sources */ = {
			isa = PBXSourcesBuildPhase;
			buildActionMask = 2147483647;
			files = (
				643430E60FD2CE1500AFC69E /* beagle.cpp in Sources */,
				643430E50FD2CE1200AFC69E /* BeagleCPUImpl.cpp in Sources */,
				643430E40FD2CDA100AFC69E /* fourtaxon.cpp in Sources */,
				648DE27F102486F80022E549 /* BeagleCPU4StateImpl.cpp in Sources */,
			);
			runOnlyForDeploymentPostprocessing = 0;
		};
		644D3EC00FFDBD8300774CDD /* Sources */ = {
			isa = PBXSourcesBuildPhase;
			buildActionMask = 2147483647;
			files = (
				644D3EC20FFDBD8300774CDD /* beagle.cpp in Sources */,
				644D3EC30FFDBD8300774CDD /* BeagleCPUImpl.cpp in Sources */,
				648DE317102490F60022E549 /* BeagleCPU4StateImpl.cpp in Sources */,
				644D3EC40FFDBD8300774CDD /* BeagleGPUImpl.cpp in Sources */,
				64574B591000101900603261 /* GPUImplHelper.cpp in Sources */,
				64574B581000101100603261 /* KernelLauncher.cpp in Sources */,
				644D3F7B0FFEE53200774CDD /* GPUInterfaceCUDA.cpp in Sources */,
				6420678E102623AC004AB87A /* tinytest.cpp in Sources */,
			);
			runOnlyForDeploymentPostprocessing = 0;
		};
		646F6E8910019AA10085DDB1 /* Sources */ = {
			isa = PBXSourcesBuildPhase;
			buildActionMask = 2147483647;
			files = (
				646F6E9910019AE70085DDB1 /* fourtaxon.cpp in Sources */,
				646F6E8B10019AA10085DDB1 /* beagle.cpp in Sources */,
				646F6E8C10019AA10085DDB1 /* BeagleCPUImpl.cpp in Sources */,
				648DE318102491000022E549 /* BeagleCPU4StateImpl.cpp in Sources */,
				646F6E8D10019AA10085DDB1 /* BeagleGPUImpl.cpp in Sources */,
				646F6E8E10019AA10085DDB1 /* GPUImplHelper.cpp in Sources */,
				646F6E8F10019AA10085DDB1 /* KernelLauncher.cpp in Sources */,
				646F6E9010019AA10085DDB1 /* GPUInterfaceCUDA.cpp in Sources */,
			);
			runOnlyForDeploymentPostprocessing = 0;
		};
		646F6ECC10019C510085DDB1 /* Sources */ = {
			isa = PBXSourcesBuildPhase;
			buildActionMask = 2147483647;
			files = (
				646F6EF010019D510085DDB1 /* genomictest.cpp in Sources */,
				646F6ECE10019C510085DDB1 /* beagle.cpp in Sources */,
				646F6ECF10019C510085DDB1 /* BeagleCPUImpl.cpp in Sources */,
				648DE3191024911A0022E549 /* BeagleCPU4StateImpl.cpp in Sources */,
				646F6ED010019C510085DDB1 /* BeagleGPUImpl.cpp in Sources */,
				646F6ED110019C510085DDB1 /* GPUImplHelper.cpp in Sources */,
				646F6ED210019C510085DDB1 /* KernelLauncher.cpp in Sources */,
				646F6ED310019C510085DDB1 /* GPUInterfaceCUDA.cpp in Sources */,
			);
			runOnlyForDeploymentPostprocessing = 0;
		};
		6474F5B2101F916D00A1A469 /* Sources */ = {
			isa = PBXSourcesBuildPhase;
			buildActionMask = 2147483647;
			files = (
				6474F5B4101F916D00A1A469 /* beagle.cpp in Sources */,
				6474F5B5101F916D00A1A469 /* BeagleCPUImpl.cpp in Sources */,
				648DE31A102491250022E549 /* BeagleCPU4StateImpl.cpp in Sources */,
				6474F5B6101F916D00A1A469 /* BeagleGPUImpl.cpp in Sources */,
				6474F5B7101F916D00A1A469 /* GPUImplHelper.cpp in Sources */,
				6474F5B8101F916D00A1A469 /* KernelLauncher.cpp in Sources */,
				6474F5C7101F91BC00A1A469 /* GPUInterfaceOpenCL.cpp in Sources */,
				6420678F102623AC004AB87A /* tinytest.cpp in Sources */,
			);
			runOnlyForDeploymentPostprocessing = 0;
		};
		64C0EB361034BC820004734E /* Sources */ = {
			isa = PBXSourcesBuildPhase;
			buildActionMask = 2147483647;
			files = (
				64C0EB371034BC820004734E /* beagle.cpp in Sources */,
				64C0EB381034BC820004734E /* BeagleCPUImpl.cpp in Sources */,
				64C0EB391034BC820004734E /* BeagleCPU4StateImpl.cpp in Sources */,
				64C0EB3A1034BC820004734E /* BeagleGPUImpl.cpp in Sources */,
				64C0EB3B1034BC820004734E /* GPUImplHelper.cpp in Sources */,
				64C0EB3C1034BC820004734E /* KernelLauncher.cpp in Sources */,
				64C0EB3D1034BC820004734E /* GPUInterfaceOpenCL.cpp in Sources */,
				64C0EB461034BCC30004734E /* genomictest.cpp in Sources */,
			);
			runOnlyForDeploymentPostprocessing = 0;
		};
		64D10A541033B8F4009EC5FB /* Sources */ = {
			isa = PBXSourcesBuildPhase;
			buildActionMask = 2147483647;
			files = (
				64D10A551033B8F4009EC5FB /* beagle.cpp in Sources */,
				64D10A561033B8F4009EC5FB /* BeagleCPUImpl.cpp in Sources */,
				64D10A571033B8F4009EC5FB /* BeagleCPU4StateImpl.cpp in Sources */,
				64D10A581033B8F4009EC5FB /* BeagleGPUImpl.cpp in Sources */,
				64D10A591033B8F4009EC5FB /* GPUImplHelper.cpp in Sources */,
				64D10A5A1033B8F4009EC5FB /* KernelLauncher.cpp in Sources */,
				64D10A5B1033B8F4009EC5FB /* GPUInterfaceOpenCL.cpp in Sources */,
				64D10A9C1033BEFB009EC5FB /* fourtaxon.cpp in Sources */,
			);
			runOnlyForDeploymentPostprocessing = 0;
		};
		64EC49D90FE9BD0B006841E3 /* Sources */ = {
			isa = PBXSourcesBuildPhase;
			buildActionMask = 2147483647;
			files = (
				64EC49E30FE9BD2E006841E3 /* genomictest.cpp in Sources */,
				64EC49DB0FE9BD0B006841E3 /* beagle.cpp in Sources */,
				64EC49DC0FE9BD0B006841E3 /* BeagleCPUImpl.cpp in Sources */,
				648DE27E102486F80022E549 /* BeagleCPU4StateImpl.cpp in Sources */,
			);
			runOnlyForDeploymentPostprocessing = 0;
		};
		64F21C6F0FD2C0BA00678D0B /* Sources */ = {
			isa = PBXSourcesBuildPhase;
			buildActionMask = 2147483647;
			files = (
				64F21C770FD2C10300678D0B /* beagle.cpp in Sources */,
				64F21C780FD2C10300678D0B /* BeagleCPUImpl.cpp in Sources */,
				648DE280102486F80022E549 /* BeagleCPU4StateImpl.cpp in Sources */,
				64206790102623AC004AB87A /* tinytest.cpp in Sources */,
			);
			runOnlyForDeploymentPostprocessing = 0;
		};
/* End PBXSourcesBuildPhase section */

/* Begin PBXTargetDependency section */
		649B46E6102403CA00FC2C85 /* PBXTargetDependency */ = {
			isa = PBXTargetDependency;
			target = 649B46E11024035300FC2C85 /* CUDA_kernels */;
			targetProxy = 649B46E5102403CA00FC2C85 /* PBXContainerItemProxy */;
		};
		649B46E8102403D300FC2C85 /* PBXTargetDependency */ = {
			isa = PBXTargetDependency;
			target = 649B46E11024035300FC2C85 /* CUDA_kernels */;
			targetProxy = 649B46E7102403D300FC2C85 /* PBXContainerItemProxy */;
		};
		649B46EA102403D800FC2C85 /* PBXTargetDependency */ = {
			isa = PBXTargetDependency;
			target = 649B46E11024035300FC2C85 /* CUDA_kernels */;
			targetProxy = 649B46E9102403D800FC2C85 /* PBXContainerItemProxy */;
		};
		649B47131024056E00FC2C85 /* PBXTargetDependency */ = {
			isa = PBXTargetDependency;
			target = 649B470E1024050D00FC2C85 /* OpenCL_kernels */;
			targetProxy = 649B47121024056E00FC2C85 /* PBXContainerItemProxy */;
		};
		64C0EB341034BC820004734E /* PBXTargetDependency */ = {
			isa = PBXTargetDependency;
			target = 649B470E1024050D00FC2C85 /* OpenCL_kernels */;
			targetProxy = 64C0EB351034BC820004734E /* PBXContainerItemProxy */;
		};
		64D10A521033B8F4009EC5FB /* PBXTargetDependency */ = {
			isa = PBXTargetDependency;
			target = 649B470E1024050D00FC2C85 /* OpenCL_kernels */;
			targetProxy = 64D10A531033B8F4009EC5FB /* PBXContainerItemProxy */;
		};
/* End PBXTargetDependency section */

/* Begin XCBuildConfiguration section */
		1DEB919408733D9F0010E9CD /* Debug */ = {
			isa = XCBuildConfiguration;
			buildSettings = {
				ARCHS = "$(ARCHS_STANDARD_32_BIT)";
				GCC_WARN_ABOUT_RETURN_TYPE = YES;
				GCC_WARN_UNUSED_VARIABLE = YES;
				ONLY_ACTIVE_ARCH = YES;
				PREBINDING = NO;
				SDKROOT = macosx10.5;
			};
			name = Debug;
		};
		1DEB919508733D9F0010E9CD /* Release */ = {
			isa = XCBuildConfiguration;
			buildSettings = {
				ARCHS = "$(ARCHS_STANDARD_32_BIT)";
				GCC_WARN_ABOUT_RETURN_TYPE = YES;
				GCC_WARN_UNUSED_VARIABLE = YES;
				PREBINDING = NO;
				SDKROOT = macosx10.5;
			};
			name = Release;
		};
		643430E00FD2CD0500AFC69E /* Debug */ = {
			isa = XCBuildConfiguration;
			buildSettings = {
				ALWAYS_SEARCH_USER_PATHS = NO;
				COPY_PHASE_STRIP = NO;
				GCC_DYNAMIC_NO_PIC = NO;
				GCC_ENABLE_FIX_AND_CONTINUE = YES;
				GCC_MODEL_TUNING = G5;
				GCC_OPTIMIZATION_LEVEL = 0;
				GCC_PREPROCESSOR_DEFINITIONS = "";
				INSTALL_PATH = /usr/local/bin;
				PREBINDING = NO;
				PRODUCT_NAME = fourTaxonCPUXcode;
				USER_HEADER_SEARCH_PATHS = ../../;
			};
			name = Debug;
		};
		643430E10FD2CD0500AFC69E /* Release */ = {
			isa = XCBuildConfiguration;
			buildSettings = {
				ALWAYS_SEARCH_USER_PATHS = NO;
				COPY_PHASE_STRIP = YES;
				DEBUG_INFORMATION_FORMAT = "dwarf-with-dsym";
				GCC_ENABLE_FIX_AND_CONTINUE = NO;
				GCC_MODEL_TUNING = G5;
				INSTALL_PATH = /usr/local/bin;
				PREBINDING = NO;
				PRODUCT_NAME = fourTaxonCPUXcode;
				USER_HEADER_SEARCH_PATHS = ../../;
				ZERO_LINK = NO;
			};
			name = Release;
		};
		644D3ECA0FFDBD8300774CDD /* Debug */ = {
			isa = XCBuildConfiguration;
			buildSettings = {
				ALWAYS_SEARCH_USER_PATHS = NO;
				COPY_PHASE_STRIP = NO;
				CUDA_PREPROCESSOR_DEFINITIONS = "STATE_COUNT=4";
				GCC_DYNAMIC_NO_PIC = NO;
				GCC_ENABLE_FIX_AND_CONTINUE = YES;
				GCC_MODEL_TUNING = G5;
				GCC_OPTIMIZATION_LEVEL = 0;
				GCC_PREPROCESSOR_DEFINITIONS = (
					CUDA,
					"STATE_COUNT=4",
				);
				HEADER_SEARCH_PATHS = (
					../../,
					/usr/local/cuda/include,
				);
				INSTALL_PATH = /usr/local/bin;
				LIBRARY_SEARCH_PATHS = /usr/local/cuda/lib;
				OTHER_LDFLAGS = "-lcuda";
				PREBINDING = NO;
				PRODUCT_NAME = tinyTestCUDAXcode;
				USER_HEADER_SEARCH_PATHS = "";
			};
			name = Debug;
		};
		644D3ECB0FFDBD8300774CDD /* Release */ = {
			isa = XCBuildConfiguration;
			buildSettings = {
				ALWAYS_SEARCH_USER_PATHS = NO;
				COPY_PHASE_STRIP = YES;
				CUDA_PREPROCESSOR_DEFINITIONS = "STATE_COUNT=4";
				DEBUG_INFORMATION_FORMAT = "dwarf-with-dsym";
				GCC_ENABLE_FIX_AND_CONTINUE = NO;
				GCC_MODEL_TUNING = G5;
				GCC_PREPROCESSOR_DEFINITIONS = (
					CUDA,
					"STATE_COUNT=4",
				);
				HEADER_SEARCH_PATHS = (
					../../,
					/usr/local/cuda/include,
				);
				INSTALL_PATH = /usr/local/bin;
				LIBRARY_SEARCH_PATHS = /usr/local/cuda/lib;
				ONLY_ACTIVE_ARCH = YES;
				OTHER_LDFLAGS = "-lcuda";
				PREBINDING = NO;
				PRODUCT_NAME = tinyTestCUDAXcode;
				USER_HEADER_SEARCH_PATHS = "";
				ZERO_LINK = NO;
			};
			name = Release;
		};
		646F6E9510019AA10085DDB1 /* Debug */ = {
			isa = XCBuildConfiguration;
			buildSettings = {
				ALWAYS_SEARCH_USER_PATHS = NO;
				COPY_PHASE_STRIP = NO;
				CUDA_PREPROCESSOR_DEFINITIONS = "STATE_COUNT=4";
				GCC_DYNAMIC_NO_PIC = NO;
				GCC_ENABLE_FIX_AND_CONTINUE = YES;
				GCC_MODEL_TUNING = G5;
				GCC_OPTIMIZATION_LEVEL = 0;
				GCC_PREPROCESSOR_DEFINITIONS = (
					CUDA,
					"STATE_COUNT=4",
				);
				HEADER_SEARCH_PATHS = (
					../../,
					/usr/local/cuda/include,
				);
				INSTALL_PATH = /usr/local/bin;
				LIBRARY_SEARCH_PATHS = /usr/local/cuda/lib;
				OTHER_LDFLAGS = "-lcuda";
				PREBINDING = NO;
				PRODUCT_NAME = fourTaxonCUDAXcode;
				USER_HEADER_SEARCH_PATHS = "";
			};
			name = Debug;
		};
		646F6E9610019AA10085DDB1 /* Release */ = {
			isa = XCBuildConfiguration;
			buildSettings = {
				ALWAYS_SEARCH_USER_PATHS = NO;
				COPY_PHASE_STRIP = YES;
				CUDA_PREPROCESSOR_DEFINITIONS = "STATE_COUNT=4";
				DEBUG_INFORMATION_FORMAT = "dwarf-with-dsym";
				GCC_ENABLE_FIX_AND_CONTINUE = NO;
				GCC_MODEL_TUNING = G5;
				GCC_PREPROCESSOR_DEFINITIONS = (
					CUDA,
					"STATE_COUNT=4",
				);
				HEADER_SEARCH_PATHS = (
					../../,
					/usr/local/cuda/include,
				);
				INSTALL_PATH = /usr/local/bin;
				LIBRARY_SEARCH_PATHS = /usr/local/cuda/lib;
				ONLY_ACTIVE_ARCH = YES;
				OTHER_LDFLAGS = "-lcuda";
				PREBINDING = NO;
				PRODUCT_NAME = fourTaxonCUDAXcode;
				USER_HEADER_SEARCH_PATHS = "";
				ZERO_LINK = NO;
			};
			name = Release;
		};
		646F6ED810019C510085DDB1 /* Debug */ = {
			isa = XCBuildConfiguration;
			buildSettings = {
				ALWAYS_SEARCH_USER_PATHS = NO;
				COPY_PHASE_STRIP = NO;
				CUDA_PREPROCESSOR_DEFINITIONS = "STATE_COUNT=4";
				GCC_DYNAMIC_NO_PIC = NO;
				GCC_ENABLE_FIX_AND_CONTINUE = YES;
				GCC_MODEL_TUNING = G5;
				GCC_OPTIMIZATION_LEVEL = 0;
				GCC_PREPROCESSOR_DEFINITIONS = (
					CUDA,
					"STATE_COUNT=4",
				);
				HEADER_SEARCH_PATHS = (
					../../,
					/usr/local/cuda/include,
				);
				INSTALL_PATH = /usr/local/bin;
				LIBRARY_SEARCH_PATHS = /usr/local/cuda/lib;
				OTHER_LDFLAGS = "-lcuda";
				PREBINDING = NO;
				PRODUCT_NAME = genomicTestCUDAXcode;
				USER_HEADER_SEARCH_PATHS = "";
			};
			name = Debug;
		};
		646F6ED910019C510085DDB1 /* Release */ = {
			isa = XCBuildConfiguration;
			buildSettings = {
				ALWAYS_SEARCH_USER_PATHS = NO;
				COPY_PHASE_STRIP = YES;
				CUDA_PREPROCESSOR_DEFINITIONS = "STATE_COUNT=4";
				DEBUG_INFORMATION_FORMAT = "dwarf-with-dsym";
				GCC_ENABLE_FIX_AND_CONTINUE = NO;
				GCC_MODEL_TUNING = G5;
				GCC_PREPROCESSOR_DEFINITIONS = (
					CUDA,
					"STATE_COUNT=4",
				);
				HEADER_SEARCH_PATHS = (
					../../,
					/usr/local/cuda/include,
				);
				INSTALL_PATH = /usr/local/bin;
				LIBRARY_SEARCH_PATHS = /usr/local/cuda/lib;
				ONLY_ACTIVE_ARCH = YES;
				OTHER_LDFLAGS = "-lcuda";
				PREBINDING = NO;
				PRODUCT_NAME = genomicTestCUDAXcode;
				USER_HEADER_SEARCH_PATHS = "";
				ZERO_LINK = NO;
			};
			name = Release;
		};
		6474F5BD101F916D00A1A469 /* Debug */ = {
			isa = XCBuildConfiguration;
			buildSettings = {
				ALWAYS_SEARCH_USER_PATHS = NO;
				COPY_PHASE_STRIP = NO;
				GCC_DYNAMIC_NO_PIC = NO;
				GCC_ENABLE_FIX_AND_CONTINUE = YES;
				GCC_MODEL_TUNING = G5;
				GCC_OPTIMIZATION_LEVEL = 0;
				GCC_PREPROCESSOR_DEFINITIONS = (
					"BEAGLE_OPENCL_BUILD_OPTIONS=\"\\\"-D STATE_COUNT=4 -I /Developer/Projects/beagle-lib\\\"\"",
					OPENCL,
					"STATE_COUNT=4",
				);
				HEADER_SEARCH_PATHS = ../../;
				INSTALL_PATH = /usr/local/bin;
				LIBRARY_SEARCH_PATHS = "";
				OTHER_LDFLAGS = "";
				PREBINDING = NO;
				PRODUCT_NAME = tinyTestOpenCLXcode;
				USER_HEADER_SEARCH_PATHS = "";
			};
			name = Debug;
		};
		6474F5BE101F916D00A1A469 /* Release */ = {
			isa = XCBuildConfiguration;
			buildSettings = {
				ALWAYS_SEARCH_USER_PATHS = NO;
				COPY_PHASE_STRIP = YES;
				DEBUG_INFORMATION_FORMAT = "dwarf-with-dsym";
				GCC_ENABLE_FIX_AND_CONTINUE = NO;
				GCC_MODEL_TUNING = G5;
				GCC_PREPROCESSOR_DEFINITIONS = (
					"BEAGLE_OPENCL_BUILD_OPTIONS=\"\\\"-D STATE_COUNT=4 -I /Developer/Projects/beagle-lib\\\"\"",
					OPENCL,
					"STATE_COUNT=4",
				);
				HEADER_SEARCH_PATHS = ../../;
				INSTALL_PATH = /usr/local/bin;
				LIBRARY_SEARCH_PATHS = "";
				ONLY_ACTIVE_ARCH = YES;
				OTHER_LDFLAGS = "";
				PREBINDING = NO;
				PRODUCT_NAME = tinyTestOpenCLXcode;
				USER_HEADER_SEARCH_PATHS = "";
			};
			name = Release;
		};
		649B46E21024035300FC2C85 /* Debug */ = {
			isa = XCBuildConfiguration;
			buildSettings = {
				COPY_PHASE_STRIP = NO;
				GCC_DYNAMIC_NO_PIC = NO;
				GCC_OPTIMIZATION_LEVEL = 0;
				PRODUCT_NAME = CUDA_kernels;
			};
			name = Debug;
		};
		649B46E31024035300FC2C85 /* Release */ = {
			isa = XCBuildConfiguration;
			buildSettings = {
				COPY_PHASE_STRIP = YES;
				DEBUG_INFORMATION_FORMAT = "dwarf-with-dsym";
				GCC_ENABLE_FIX_AND_CONTINUE = NO;
				PRODUCT_NAME = CUDA_kernels;
				ZERO_LINK = NO;
			};
			name = Release;
		};
		649B470F1024050D00FC2C85 /* Debug */ = {
			isa = XCBuildConfiguration;
			buildSettings = {
				COPY_PHASE_STRIP = NO;
				GCC_DYNAMIC_NO_PIC = NO;
				GCC_OPTIMIZATION_LEVEL = 0;
				PRODUCT_NAME = OpenCL_kernels;
			};
			name = Debug;
		};
		649B47101024050D00FC2C85 /* Release */ = {
			isa = XCBuildConfiguration;
			buildSettings = {
				COPY_PHASE_STRIP = YES;
				DEBUG_INFORMATION_FORMAT = "dwarf-with-dsym";
				GCC_ENABLE_FIX_AND_CONTINUE = NO;
				PRODUCT_NAME = OpenCL_kernels;
				ZERO_LINK = NO;
			};
			name = Release;
		};
		64C0EB421034BC820004734E /* Debug */ = {
			isa = XCBuildConfiguration;
			buildSettings = {
				ALWAYS_SEARCH_USER_PATHS = NO;
				COPY_PHASE_STRIP = NO;
				GCC_DYNAMIC_NO_PIC = NO;
				GCC_ENABLE_FIX_AND_CONTINUE = YES;
				GCC_MODEL_TUNING = G5;
				GCC_OPTIMIZATION_LEVEL = 0;
				GCC_PREPROCESSOR_DEFINITIONS = (
					"BEAGLE_OPENCL_BUILD_OPTIONS=\"\\\"-D STATE_COUNT=4 -I /Developer/Projects/beagle-lib\\\"\"",
					OPENCL,
					"STATE_COUNT=4",
				);
				HEADER_SEARCH_PATHS = ../../;
				INSTALL_PATH = /usr/local/bin;
				LIBRARY_SEARCH_PATHS = "";
				OTHER_LDFLAGS = "";
				PREBINDING = NO;
				PRODUCT_NAME = genomicTestOpenCLXcode;
				USER_HEADER_SEARCH_PATHS = "";
			};
			name = Debug;
		};
		64C0EB431034BC820004734E /* Release */ = {
			isa = XCBuildConfiguration;
			buildSettings = {
				ALWAYS_SEARCH_USER_PATHS = NO;
				COPY_PHASE_STRIP = YES;
				DEBUG_INFORMATION_FORMAT = "dwarf-with-dsym";
				GCC_ENABLE_FIX_AND_CONTINUE = NO;
				GCC_MODEL_TUNING = G5;
				GCC_PREPROCESSOR_DEFINITIONS = (
					"BEAGLE_OPENCL_BUILD_OPTIONS=\"\\\"-D STATE_COUNT=4 -I /Developer/Projects/beagle-lib\\\"\"",
					OPENCL,
					"STATE_COUNT=4",
				);
				HEADER_SEARCH_PATHS = ../../;
				INSTALL_PATH = /usr/local/bin;
				LIBRARY_SEARCH_PATHS = "";
				ONLY_ACTIVE_ARCH = YES;
				OTHER_LDFLAGS = "";
				PREBINDING = NO;
				PRODUCT_NAME = genomicTestOpenCLXcode;
				USER_HEADER_SEARCH_PATHS = "";
			};
			name = Release;
		};
		64D10A601033B8F4009EC5FB /* Debug */ = {
			isa = XCBuildConfiguration;
			buildSettings = {
				ALWAYS_SEARCH_USER_PATHS = NO;
				COPY_PHASE_STRIP = NO;
				GCC_DYNAMIC_NO_PIC = NO;
				GCC_ENABLE_FIX_AND_CONTINUE = YES;
				GCC_MODEL_TUNING = G5;
				GCC_OPTIMIZATION_LEVEL = 0;
				GCC_PREPROCESSOR_DEFINITIONS = (
					"BEAGLE_OPENCL_BUILD_OPTIONS=\"\\\"-D STATE_COUNT=4 -I /Developer/Projects/beagle-lib\\\"\"",
					OPENCL,
					"STATE_COUNT=4",
				);
				HEADER_SEARCH_PATHS = (
					../../,
					/usr/local/cuda/include,
				);
				INSTALL_PATH = /usr/local/bin;
				LIBRARY_SEARCH_PATHS = /usr/local/cuda/lib;
				OTHER_LDFLAGS = "";
				PREBINDING = NO;
				PRODUCT_NAME = fourTaxonOpenCLXcode;
				USER_HEADER_SEARCH_PATHS = "";
			};
			name = Debug;
		};
		64D10A611033B8F4009EC5FB /* Release */ = {
			isa = XCBuildConfiguration;
			buildSettings = {
				ALWAYS_SEARCH_USER_PATHS = NO;
				COPY_PHASE_STRIP = YES;
				CUDA_PREPROCESSOR_DEFINITIONS = "STATE_COUNT=4";
				DEBUG_INFORMATION_FORMAT = "dwarf-with-dsym";
				GCC_ENABLE_FIX_AND_CONTINUE = NO;
				GCC_MODEL_TUNING = G5;
				GCC_PREPROCESSOR_DEFINITIONS = (
					CUDA,
					"STATE_COUNT=4",
				);
				HEADER_SEARCH_PATHS = (
					../../,
					/usr/local/cuda/include,
				);
				INSTALL_PATH = /usr/local/bin;
				LIBRARY_SEARCH_PATHS = /usr/local/cuda/lib;
				ONLY_ACTIVE_ARCH = YES;
				OTHER_LDFLAGS = "-lcuda";
				PREBINDING = NO;
				PRODUCT_NAME = tinyTestCUDAXcode;
				USER_HEADER_SEARCH_PATHS = "";
				ZERO_LINK = NO;
			};
			name = Release;
		};
		64EC49DF0FE9BD0B006841E3 /* Debug */ = {
			isa = XCBuildConfiguration;
			buildSettings = {
				ALWAYS_SEARCH_USER_PATHS = NO;
				COPY_PHASE_STRIP = NO;
				GCC_DYNAMIC_NO_PIC = NO;
				GCC_ENABLE_FIX_AND_CONTINUE = YES;
				GCC_MODEL_TUNING = G5;
				GCC_OPTIMIZATION_LEVEL = 0;
				GCC_PREPROCESSOR_DEFINITIONS = "STATE_COUNT=4";
				HEADER_SEARCH_PATHS = "";
				INSTALL_PATH = /usr/local/bin;
				PREBINDING = NO;
				PRODUCT_NAME = genomicTestCPUXcode;
				USER_HEADER_SEARCH_PATHS = ../../;
			};
			name = Debug;
		};
		64EC49E00FE9BD0B006841E3 /* Release */ = {
			isa = XCBuildConfiguration;
			buildSettings = {
				ALWAYS_SEARCH_USER_PATHS = NO;
				COPY_PHASE_STRIP = YES;
				DEBUG_INFORMATION_FORMAT = "dwarf-with-dsym";
				GCC_ENABLE_FIX_AND_CONTINUE = NO;
				GCC_MODEL_TUNING = G5;
				INSTALL_PATH = /usr/local/bin;
				PREBINDING = NO;
				PRODUCT_NAME = genomicTestCPUXcode;
				USER_HEADER_SEARCH_PATHS = ../../;
				ZERO_LINK = NO;
			};
			name = Release;
		};
		64F21C740FD2C0BA00678D0B /* Debug */ = {
			isa = XCBuildConfiguration;
			buildSettings = {
				ALWAYS_SEARCH_USER_PATHS = NO;
				COPY_PHASE_STRIP = NO;
				GCC_DYNAMIC_NO_PIC = NO;
				GCC_ENABLE_FIX_AND_CONTINUE = YES;
				GCC_MODEL_TUNING = G5;
				GCC_OPTIMIZATION_LEVEL = 0;
				GCC_PREPROCESSOR_DEFINITIONS = "STATE_COUNT=4";
				HEADER_SEARCH_PATHS = "";
				INSTALL_PATH = /usr/local/bin;
				PREBINDING = NO;
				PRODUCT_NAME = tinyTestCPUXcode;
				USER_HEADER_SEARCH_PATHS = ../../;
			};
			name = Debug;
		};
		64F21C750FD2C0BA00678D0B /* Release */ = {
			isa = XCBuildConfiguration;
			buildSettings = {
				ALWAYS_SEARCH_USER_PATHS = NO;
				COPY_PHASE_STRIP = YES;
				DEBUG_INFORMATION_FORMAT = "dwarf-with-dsym";
				GCC_ENABLE_FIX_AND_CONTINUE = NO;
				GCC_MODEL_TUNING = G5;
				INSTALL_PATH = /usr/local/bin;
				PREBINDING = NO;
				PRODUCT_NAME = tinyTestCPUXcode;
				USER_HEADER_SEARCH_PATHS = ../../;
				ZERO_LINK = NO;
			};
			name = Release;
		};
/* End XCBuildConfiguration section */

/* Begin XCConfigurationList section */
		1DEB919308733D9F0010E9CD /* Build configuration list for PBXProject "beagle-xcode" */ = {
			isa = XCConfigurationList;
			buildConfigurations = (
				1DEB919408733D9F0010E9CD /* Debug */,
				1DEB919508733D9F0010E9CD /* Release */,
			);
			defaultConfigurationIsVisible = 0;
			defaultConfigurationName = Release;
		};
		643430E20FD2CD2300AFC69E /* Build configuration list for PBXNativeTarget "fourTaxonCPUXcode" */ = {
			isa = XCConfigurationList;
			buildConfigurations = (
				643430E00FD2CD0500AFC69E /* Debug */,
				643430E10FD2CD0500AFC69E /* Release */,
			);
			defaultConfigurationIsVisible = 0;
			defaultConfigurationName = Release;
		};
		644D3EC90FFDBD8300774CDD /* Build configuration list for PBXNativeTarget "tinyTestCUDAXcode" */ = {
			isa = XCConfigurationList;
			buildConfigurations = (
				644D3ECA0FFDBD8300774CDD /* Debug */,
				644D3ECB0FFDBD8300774CDD /* Release */,
			);
			defaultConfigurationIsVisible = 0;
			defaultConfigurationName = Release;
		};
		646F6E9410019AA10085DDB1 /* Build configuration list for PBXNativeTarget "fourTaxonCUDAXcode" */ = {
			isa = XCConfigurationList;
			buildConfigurations = (
				646F6E9510019AA10085DDB1 /* Debug */,
				646F6E9610019AA10085DDB1 /* Release */,
			);
			defaultConfigurationIsVisible = 0;
			defaultConfigurationName = Release;
		};
		646F6ED710019C510085DDB1 /* Build configuration list for PBXNativeTarget "genomicTestCUDAXcode" */ = {
			isa = XCConfigurationList;
			buildConfigurations = (
				646F6ED810019C510085DDB1 /* Debug */,
				646F6ED910019C510085DDB1 /* Release */,
			);
			defaultConfigurationIsVisible = 0;
			defaultConfigurationName = Release;
		};
		6474F5BC101F916D00A1A469 /* Build configuration list for PBXNativeTarget "tinyTestOpenCLXcode" */ = {
			isa = XCConfigurationList;
			buildConfigurations = (
				6474F5BD101F916D00A1A469 /* Debug */,
				6474F5BE101F916D00A1A469 /* Release */,
			);
			defaultConfigurationIsVisible = 0;
			defaultConfigurationName = Release;
		};
		649B46E41024038400FC2C85 /* Build configuration list for PBXAggregateTarget "CUDA_kernels" */ = {
			isa = XCConfigurationList;
			buildConfigurations = (
				649B46E21024035300FC2C85 /* Debug */,
				649B46E31024035300FC2C85 /* Release */,
			);
			defaultConfigurationIsVisible = 0;
			defaultConfigurationName = Release;
		};
		649B47111024052B00FC2C85 /* Build configuration list for PBXAggregateTarget "OpenCL_kernels" */ = {
			isa = XCConfigurationList;
			buildConfigurations = (
				649B470F1024050D00FC2C85 /* Debug */,
				649B47101024050D00FC2C85 /* Release */,
			);
			defaultConfigurationIsVisible = 0;
			defaultConfigurationName = Release;
		};
		64C0EB411034BC820004734E /* Build configuration list for PBXNativeTarget "genomicTestOpenCLXcode" */ = {
			isa = XCConfigurationList;
			buildConfigurations = (
				64C0EB421034BC820004734E /* Debug */,
				64C0EB431034BC820004734E /* Release */,
			);
			defaultConfigurationIsVisible = 0;
			defaultConfigurationName = Release;
		};
		64D10A5F1033B8F4009EC5FB /* Build configuration list for PBXNativeTarget "fourTaxonOpenCLXcode" */ = {
			isa = XCConfigurationList;
			buildConfigurations = (
				64D10A601033B8F4009EC5FB /* Debug */,
				64D10A611033B8F4009EC5FB /* Release */,
			);
			defaultConfigurationIsVisible = 0;
			defaultConfigurationName = Release;
		};
		64EC49DE0FE9BD0B006841E3 /* Build configuration list for PBXNativeTarget "genomicTestCPUXcode" */ = {
			isa = XCConfigurationList;
			buildConfigurations = (
				64EC49DF0FE9BD0B006841E3 /* Debug */,
				64EC49E00FE9BD0B006841E3 /* Release */,
			);
			defaultConfigurationIsVisible = 0;
			defaultConfigurationName = Release;
		};
		64F21C760FD2C0D800678D0B /* Build configuration list for PBXNativeTarget "tinyTestCPUXcode" */ = {
			isa = XCConfigurationList;
			buildConfigurations = (
				64F21C740FD2C0BA00678D0B /* Debug */,
				64F21C750FD2C0BA00678D0B /* Release */,
			);
			defaultConfigurationIsVisible = 0;
			defaultConfigurationName = Release;
		};
/* End XCConfigurationList section */
	};
	rootObject = 08FB7793FE84155DC02AAC07 /* Project object */;
}
