<?xml version="1.0" encoding="utf-8"?>
<Project ToolsVersion="4.0" xmlns="http://schemas.microsoft.com/developer/msbuild/2003">
  <ItemGroup>
    <Filter Include="libhmsbeagle-cpu-sse">
      <UniqueIdentifier>{a4c46978-16dc-4d85-8870-52b69683fc69}</UniqueIdentifier>
    </Filter>
    <Filter Include="libhmsbeagle-cpu-sse\CPU">
      <UniqueIdentifier>{c33039d6-4a88-4801-a698-d559a049628a}</UniqueIdentifier>
    </Filter>
  </ItemGroup>
  <ItemGroup>
    <ClInclude Include="..\..\..\libhmsbeagle\CPU\EigenDecomposition.h">
      <Filter>libhmsbeagle-cpu-sse\CPU</Filter>
    </ClInclude>
    <ClInclude Include="..\..\..\libhmsbeagle\CPU\EigenDecompositionCube.h">
      <Filter>libhmsbeagle-cpu-sse\CPU</Filter>
    </ClInclude>
    <ClInclude Include="..\..\..\libhmsbeagle\CPU\EigenDecompositionCube.hpp">
      <Filter>libhmsbeagle-cpu-sse\CPU</Filter>
    </ClInclude>
    <ClInclude Include="..\..\..\libhmsbeagle\CPU\EigenDecompositionSquare.h">
      <Filter>libhmsbeagle-cpu-sse\CPU</Filter>
    </ClInclude>
    <ClInclude Include="..\..\..\libhmsbeagle\CPU\EigenDecompositionSquare.hpp">
      <Filter>libhmsbeagle-cpu-sse\CPU</Filter>
    </ClInclude>
    <ClInclude Include="..\..\..\libhmsbeagle\CPU\BeagleCPU4StateSSEImpl.h">
      <Filter>libhmsbeagle-cpu-sse\CPU</Filter>
    </ClInclude>
    <ClInclude Include="..\..\..\libhmsbeagle\CPU\BeagleCPU4StateSSEImpl.hpp">
      <Filter>libhmsbeagle-cpu-sse\CPU</Filter>
    </ClInclude>
    <ClInclude Include="..\..\..\libhmsbeagle\CPU\BeagleCPUSSEImpl.h">
      <Filter>libhmsbeagle-cpu-sse\CPU</Filter>
    </ClInclude>
    <ClInclude Include="..\..\..\libhmsbeagle\CPU\BeagleCPUSSEImpl.hpp">
      <Filter>libhmsbeagle-cpu-sse\CPU</Filter>
    </ClInclude>
    <ClInclude Include="..\..\..\libhmsbeagle\CPU\BeagleCPUSSEPlugin.h">
      <Filter>libhmsbeagle-cpu-sse\CPU</Filter>
    </ClInclude>
    <ClInclude Include="..\..\..\libhmsbeagle\CPU\SSEDefinitions.h">
      <Filter>libhmsbeagle-cpu-sse\CPU</Filter>
    </ClInclude>
  </ItemGroup>
  <ItemGroup>
    <ClCompile Include="..\..\..\libhmsbeagle\CPU\BeagleCPUSSEPlugin.cpp">
      <Filter>libhmsbeagle-cpu-sse\CPU</Filter>
    </ClCompile>
  </ItemGroup>
</Project>