Microsoft Visual Studio Solution File, Format Version 10.00
# Visual C++ Express 2008
Project("{8BC9CEB8-8B4A-11D0-8D11-00A0C91BC942}") = "libhmsbeagle", "libhmsbeagle.vcproj", "{74775C34-D68F-4812-AF73-7270C035DAD2}"
EndProject
Project("{8BC9CEB8-8B4A-11D0-8D11-00A0C91BC942}") = "fourtaxon", "fourtaxon\fourtaxon.vcproj", "{89327A48-81E4-4C10-A887-06B413CC949C}"
	ProjectSection(ProjectDependencies) = postProject
		{74775C34-D68F-4812-AF73-7270C035DAD2} = {74775C34-D68F-4812-AF73-7270C035DAD2}
	EndProjectSection
EndProject
Project("{8BC9CEB8-8B4A-11D0-8D11-00A0C91BC942}") = "tinytest", "tinytest\tinytest.vcproj", "{B7062949-AE2E-4EB3-ADAF-F5F2B152FA75}"
	ProjectSection(ProjectDependencies) = postProject
		{74775C34-D68F-4812-AF73-7270C035DAD2} = {74775C34-D68F-4812-AF73-7270C035DAD2}
	EndProjectSection
EndProject
Project("{8BC9CEB8-8B4A-11D0-8D11-00A0C91BC942}") = "hmsbeagle-jni", "hmsbeagle-jni\hmsbeagle-jni.vcproj", "{F975E2FF-CE78-4A72-9373-EC35706D4658}"
	ProjectSection(ProjectDependencies) = postProject
		{74775C34-D68F-4812-AF73-7270C035DAD2} = {74775C34-D68F-4812-AF73-7270C035DAD2}
	EndProjectSection
EndProject
Global
	GlobalSection(SolutionConfigurationPlatforms) = preSolution
		Debug|Win32 = Debug|Win32
		Debug|x64 = Debug|x64
		EmuDebug|Win32 = EmuDebug|Win32
		EmuDebug|x64 = EmuDebug|x64
		EmuRelease|Win32 = EmuRelease|Win32
		EmuRelease|x64 = EmuRelease|x64
		Release|Win32 = Release|Win32
		Release|x64 = Release|x64
	EndGlobalSection
	GlobalSection(ProjectConfigurationPlatforms) = postSolution
		{74775C34-D68F-4812-AF73-7270C035DAD2}.Debug|Win32.ActiveCfg = Release|Win32
		{74775C34-D68F-4812-AF73-7270C035DAD2}.Debug|Win32.Build.0 = Release|Win32
		{74775C34-D68F-4812-AF73-7270C035DAD2}.Debug|x64.ActiveCfg = Debug|x64
		{74775C34-D68F-4812-AF73-7270C035DAD2}.Debug|x64.Build.0 = Debug|x64
		{74775C34-D68F-4812-AF73-7270C035DAD2}.EmuDebug|Win32.ActiveCfg = EmuDebug|Win32
		{74775C34-D68F-4812-AF73-7270C035DAD2}.EmuDebug|Win32.Build.0 = EmuDebug|Win32
		{74775C34-D68F-4812-AF73-7270C035DAD2}.EmuDebug|x64.ActiveCfg = EmuDebug|x64
		{74775C34-D68F-4812-AF73-7270C035DAD2}.EmuDebug|x64.Build.0 = EmuDebug|x64
		{74775C34-D68F-4812-AF73-7270C035DAD2}.EmuRelease|Win32.ActiveCfg = EmuRelease|Win32
		{74775C34-D68F-4812-AF73-7270C035DAD2}.EmuRelease|Win32.Build.0 = EmuRelease|Win32
		{74775C34-D68F-4812-AF73-7270C035DAD2}.EmuRelease|x64.ActiveCfg = EmuRelease|x64
		{74775C34-D68F-4812-AF73-7270C035DAD2}.EmuRelease|x64.Build.0 = EmuRelease|x64
		{74775C34-D68F-4812-AF73-7270C035DAD2}.Release|Win32.ActiveCfg = Release|Win32
		{74775C34-D68F-4812-AF73-7270C035DAD2}.Release|Win32.Build.0 = Release|Win32
		{74775C34-D68F-4812-AF73-7270C035DAD2}.Release|x64.ActiveCfg = Release|x64
		{74775C34-D68F-4812-AF73-7270C035DAD2}.Release|x64.Build.0 = Release|x64
		{89327A48-81E4-4C10-A887-06B413CC949C}.Debug|Win32.ActiveCfg = Release|Win32
		{89327A48-81E4-4C10-A887-06B413CC949C}.Debug|Win32.Build.0 = Release|Win32
		{89327A48-81E4-4C10-A887-06B413CC949C}.Debug|x64.ActiveCfg = Debug|Win32
		{89327A48-81E4-4C10-A887-06B413CC949C}.EmuDebug|Win32.ActiveCfg = Debug|Win32
		{89327A48-81E4-4C10-A887-06B413CC949C}.EmuDebug|Win32.Build.0 = Debug|Win32
		{89327A48-81E4-4C10-A887-06B413CC949C}.EmuDebug|x64.ActiveCfg = Debug|Win32
		{89327A48-81E4-4C10-A887-06B413CC949C}.EmuRelease|Win32.ActiveCfg = Release|Win32
		{89327A48-81E4-4C10-A887-06B413CC949C}.EmuRelease|Win32.Build.0 = Release|Win32
		{89327A48-81E4-4C10-A887-06B413CC949C}.EmuRelease|x64.ActiveCfg = Release|Win32
		{89327A48-81E4-4C10-A887-06B413CC949C}.Release|Win32.ActiveCfg = Release|Win32
		{89327A48-81E4-4C10-A887-06B413CC949C}.Release|Win32.Build.0 = Release|Win32
		{89327A48-81E4-4C10-A887-06B413CC949C}.Release|x64.ActiveCfg = Release|Win32
		{B7062949-AE2E-4EB3-ADAF-F5F2B152FA75}.Debug|Win32.ActiveCfg = Release|Win32
		{B7062949-AE2E-4EB3-ADAF-F5F2B152FA75}.Debug|Win32.Build.0 = Release|Win32
		{B7062949-AE2E-4EB3-ADAF-F5F2B152FA75}.Debug|x64.ActiveCfg = Debug|Win32
		{B7062949-AE2E-4EB3-ADAF-F5F2B152FA75}.EmuDebug|Win32.ActiveCfg = Debug|Win32
		{B7062949-AE2E-4EB3-ADAF-F5F2B152FA75}.EmuDebug|Win32.Build.0 = Debug|Win32
		{B7062949-AE2E-4EB3-ADAF-F5F2B152FA75}.EmuDebug|x64.ActiveCfg = Debug|Win32
		{B7062949-AE2E-4EB3-ADAF-F5F2B152FA75}.EmuRelease|Win32.ActiveCfg = Release|Win32
		{B7062949-AE2E-4EB3-ADAF-F5F2B152FA75}.EmuRelease|Win32.Build.0 = Release|Win32
		{B7062949-AE2E-4EB3-ADAF-F5F2B152FA75}.EmuRelease|x64.ActiveCfg = Release|Win32
		{B7062949-AE2E-4EB3-ADAF-F5F2B152FA75}.Release|Win32.ActiveCfg = Release|Win32
		{B7062949-AE2E-4EB3-ADAF-F5F2B152FA75}.Release|Win32.Build.0 = Release|Win32
		{B7062949-AE2E-4EB3-ADAF-F5F2B152FA75}.Release|x64.ActiveCfg = Release|Win32
		{F975E2FF-CE78-4A72-9373-EC35706D4658}.Debug|Win32.ActiveCfg = Release|Win32
		{F975E2FF-CE78-4A72-9373-EC35706D4658}.Debug|Win32.Build.0 = Release|Win32
		{F975E2FF-CE78-4A72-9373-EC35706D4658}.Debug|x64.ActiveCfg = Debug|Win32
		{F975E2FF-CE78-4A72-9373-EC35706D4658}.EmuDebug|Win32.ActiveCfg = Debug|Win32
		{F975E2FF-CE78-4A72-9373-EC35706D4658}.EmuDebug|Win32.Build.0 = Debug|Win32
		{F975E2FF-CE78-4A72-9373-EC35706D4658}.EmuDebug|x64.ActiveCfg = Debug|Win32
		{F975E2FF-CE78-4A72-9373-EC35706D4658}.EmuRelease|Win32.ActiveCfg = Release|Win32
		{F975E2FF-CE78-4A72-9373-EC35706D4658}.EmuRelease|Win32.Build.0 = Release|Win32
		{F975E2FF-CE78-4A72-9373-EC35706D4658}.EmuRelease|x64.ActiveCfg = Release|Win32
		{F975E2FF-CE78-4A72-9373-EC35706D4658}.Release|Win32.ActiveCfg = Release|Win32
		{F975E2FF-CE78-4A72-9373-EC35706D4658}.Release|Win32.Build.0 = Release|Win32
		{F975E2FF-CE78-4A72-9373-EC35706D4658}.Release|x64.ActiveCfg = Release|Win32
	EndGlobalSection
	GlobalSection(SolutionProperties) = preSolution
		HideSolutionNode = FALSE
	EndGlobalSection
EndGlobal
