Microsoft Visual Studio Solution File, Format Version 10.00
# Visual Studio 2008
Project("{8BC9CEB8-8B4A-11D0-8D11-00A0C91BC942}") = "libhmsbeagle", "libhmsbeagle\libhmsbeagle_vc90.vcproj", "{74775C34-D68F-4812-AF73-7270C035DAD2}"
EndProject
Project("{8BC9CEB8-8B4A-11D0-8D11-00A0C91BC942}") = "tinytest", "tinytest\tinytest_vc90.vcproj", "{936EE92A-211E-41BD-82CF-97CBEDA684A8}"
	ProjectSection(ProjectDependencies) = postProject
		{74775C34-D68F-4812-AF73-7270C035DAD2} = {74775C34-D68F-4812-AF73-7270C035DAD2}
	EndProjectSection
EndProject
Project("{8BC9CEB8-8B4A-11D0-8D11-00A0C91BC942}") = "genomictest", "genomictest\genomictest_vc90.vcproj", "{1FF39E42-1866-4694-99E7-17928F5E7DA3}"
	ProjectSection(ProjectDependencies) = postProject
		{74775C34-D68F-4812-AF73-7270C035DAD2} = {74775C34-D68F-4812-AF73-7270C035DAD2}
	EndProjectSection
EndProject
Project("{8BC9CEB8-8B4A-11D0-8D11-00A0C91BC942}") = "complextest", "complextest\complextest_vc90.vcproj", "{29C8C8A0-D00D-4239-BAD3-06B68574A9D6}"
	ProjectSection(ProjectDependencies) = postProject
		{74775C34-D68F-4812-AF73-7270C035DAD2} = {74775C34-D68F-4812-AF73-7270C035DAD2}
	EndProjectSection
EndProject
Project("{8BC9CEB8-8B4A-11D0-8D11-00A0C91BC942}") = "fourtaxon", "fourtaxon\fourtaxon_vc90.vcproj", "{E17EF598-2644-4C36-AED3-A1CAD90CCDD9}"
	ProjectSection(ProjectDependencies) = postProject
		{74775C34-D68F-4812-AF73-7270C035DAD2} = {74775C34-D68F-4812-AF73-7270C035DAD2}
	EndProjectSection
EndProject
Project("{54435603-DBB4-11D2-8724-00A0C9A8B90C}") = "hmsbeagle library", "beagleinstaller\beagleinstaller.vdproj", "{A75FE2BD-2DF0-4662-8D97-4259B0120400}"
EndProject
Project("{8BC9CEB8-8B4A-11D0-8D11-00A0C91BC942}") = "libhmsbeagle-cpu", "libhmsbeagle-cpu\libhmsbeagle-cpu_vc90.vcproj", "{66941623-E8F3-4E64-961D-955F2629C1C6}"
EndProject
Project("{8BC9CEB8-8B4A-11D0-8D11-00A0C91BC942}") = "libhmsbeagle-cuda", "libhmsbeagle-cuda\libhmsbeagle-cuda_vc90.vcproj", "{79D3A424-1C62-457A-BB20-196381DEC0B0}"
EndProject
Project("{8BC9CEB8-8B4A-11D0-8D11-00A0C91BC942}") = "matrixtest", "matrixtest\matrixtest_vc90.vcproj", "{7DF807ED-0E5F-441C-A5C0-1619B5AD3FDD}"
	ProjectSection(ProjectDependencies) = postProject
		{74775C34-D68F-4812-AF73-7270C035DAD2} = {74775C34-D68F-4812-AF73-7270C035DAD2}
	EndProjectSection
EndProject
Project("{8BC9CEB8-8B4A-11D0-8D11-00A0C91BC942}") = "oddstatetest", "oddstatetest\oddstatetest_vc90.vcproj", "{640760A1-B6BF-4EE5-8974-0F9327035B0A}"
	ProjectSection(ProjectDependencies) = postProject
		{74775C34-D68F-4812-AF73-7270C035DAD2} = {74775C34-D68F-4812-AF73-7270C035DAD2}
	EndProjectSection
EndProject
Project("{8BC9CEB8-8B4A-11D0-8D11-00A0C91BC942}") = "libhmsbeagle-cpu-sse", "libhmsbeagle-cpu-sse\libhmsbeagle-cpu-sse_vc90.vcproj", "{3C25DFE8-C9CE-4395-A09E-525F7195C178}"
EndProject
Project("{8BC9CEB8-8B4A-11D0-8D11-00A0C91BC942}") = "libhmsbeagle-cpu-openmp", "libhmsbeagle-cpu-openmp\libhmsbeagle-cpu-openmp_vc90.vcproj", "{E930B41B-9414-478D-A94C-DB59F0FD4141}"
EndProject
Global
	GlobalSection(SolutionConfigurationPlatforms) = preSolution
		Debug|Win32 = Debug|Win32
		Debug|x64 = Debug|x64
		Release|Win32 = Release|Win32
		Release|x64 = Release|x64
	EndGlobalSection
	GlobalSection(ProjectConfigurationPlatforms) = postSolution
		{74775C34-D68F-4812-AF73-7270C035DAD2}.Debug|Win32.ActiveCfg = Debug|Win32
		{74775C34-D68F-4812-AF73-7270C035DAD2}.Debug|Win32.Build.0 = Debug|Win32
		{74775C34-D68F-4812-AF73-7270C035DAD2}.Debug|x64.ActiveCfg = Debug|x64
		{74775C34-D68F-4812-AF73-7270C035DAD2}.Debug|x64.Build.0 = Debug|x64
		{74775C34-D68F-4812-AF73-7270C035DAD2}.Release|Win32.ActiveCfg = Release|Win32
		{74775C34-D68F-4812-AF73-7270C035DAD2}.Release|Win32.Build.0 = Release|Win32
		{74775C34-D68F-4812-AF73-7270C035DAD2}.Release|x64.ActiveCfg = Release|x64
		{74775C34-D68F-4812-AF73-7270C035DAD2}.Release|x64.Build.0 = Release|x64
		{936EE92A-211E-41BD-82CF-97CBEDA684A8}.Debug|Win32.ActiveCfg = Debug|Win32
		{936EE92A-211E-41BD-82CF-97CBEDA684A8}.Debug|Win32.Build.0 = Debug|Win32
		{936EE92A-211E-41BD-82CF-97CBEDA684A8}.Debug|x64.ActiveCfg = Debug|x64
		{936EE92A-211E-41BD-82CF-97CBEDA684A8}.Debug|x64.Build.0 = Debug|x64
		{936EE92A-211E-41BD-82CF-97CBEDA684A8}.Release|Win32.ActiveCfg = Release|Win32
		{936EE92A-211E-41BD-82CF-97CBEDA684A8}.Release|Win32.Build.0 = Release|Win32
		{936EE92A-211E-41BD-82CF-97CBEDA684A8}.Release|x64.ActiveCfg = Release|x64
		{936EE92A-211E-41BD-82CF-97CBEDA684A8}.Release|x64.Build.0 = Release|x64
		{1FF39E42-1866-4694-99E7-17928F5E7DA3}.Debug|Win32.ActiveCfg = Debug|Win32
		{1FF39E42-1866-4694-99E7-17928F5E7DA3}.Debug|Win32.Build.0 = Debug|Win32
		{1FF39E42-1866-4694-99E7-17928F5E7DA3}.Debug|x64.ActiveCfg = Debug|x64
		{1FF39E42-1866-4694-99E7-17928F5E7DA3}.Debug|x64.Build.0 = Debug|x64
		{1FF39E42-1866-4694-99E7-17928F5E7DA3}.Release|Win32.ActiveCfg = Release|Win32
		{1FF39E42-1866-4694-99E7-17928F5E7DA3}.Release|Win32.Build.0 = Release|Win32
		{1FF39E42-1866-4694-99E7-17928F5E7DA3}.Release|x64.ActiveCfg = Release|x64
		{1FF39E42-1866-4694-99E7-17928F5E7DA3}.Release|x64.Build.0 = Release|x64
		{29C8C8A0-D00D-4239-BAD3-06B68574A9D6}.Debug|Win32.ActiveCfg = Debug|Win32
		{29C8C8A0-D00D-4239-BAD3-06B68574A9D6}.Debug|Win32.Build.0 = Debug|Win32
		{29C8C8A0-D00D-4239-BAD3-06B68574A9D6}.Debug|x64.ActiveCfg = Debug|x64
		{29C8C8A0-D00D-4239-BAD3-06B68574A9D6}.Debug|x64.Build.0 = Debug|x64
		{29C8C8A0-D00D-4239-BAD3-06B68574A9D6}.Release|Win32.ActiveCfg = Release|Win32
		{29C8C8A0-D00D-4239-BAD3-06B68574A9D6}.Release|Win32.Build.0 = Release|Win32
		{29C8C8A0-D00D-4239-BAD3-06B68574A9D6}.Release|x64.ActiveCfg = Release|x64
		{29C8C8A0-D00D-4239-BAD3-06B68574A9D6}.Release|x64.Build.0 = Release|x64
		{E17EF598-2644-4C36-AED3-A1CAD90CCDD9}.Debug|Win32.ActiveCfg = Debug|Win32
		{E17EF598-2644-4C36-AED3-A1CAD90CCDD9}.Debug|Win32.Build.0 = Debug|Win32
		{E17EF598-2644-4C36-AED3-A1CAD90CCDD9}.Debug|x64.ActiveCfg = Debug|x64
		{E17EF598-2644-4C36-AED3-A1CAD90CCDD9}.Debug|x64.Build.0 = Debug|x64
		{E17EF598-2644-4C36-AED3-A1CAD90CCDD9}.Release|Win32.ActiveCfg = Release|Win32
		{E17EF598-2644-4C36-AED3-A1CAD90CCDD9}.Release|Win32.Build.0 = Release|Win32
		{E17EF598-2644-4C36-AED3-A1CAD90CCDD9}.Release|x64.ActiveCfg = Release|x64
		{E17EF598-2644-4C36-AED3-A1CAD90CCDD9}.Release|x64.Build.0 = Release|x64
		{A75FE2BD-2DF0-4662-8D97-4259B0120400}.Debug|Win32.ActiveCfg = Debug
		{A75FE2BD-2DF0-4662-8D97-4259B0120400}.Debug|x64.ActiveCfg = Debug
		{A75FE2BD-2DF0-4662-8D97-4259B0120400}.Release|Win32.ActiveCfg = Release
		{A75FE2BD-2DF0-4662-8D97-4259B0120400}.Release|x64.ActiveCfg = Release
		{66941623-E8F3-4E64-961D-955F2629C1C6}.Debug|Win32.ActiveCfg = Debug|Win32
		{66941623-E8F3-4E64-961D-955F2629C1C6}.Debug|Win32.Build.0 = Debug|Win32
		{66941623-E8F3-4E64-961D-955F2629C1C6}.Debug|x64.ActiveCfg = Debug|x64
		{66941623-E8F3-4E64-961D-955F2629C1C6}.Debug|x64.Build.0 = Debug|x64
		{66941623-E8F3-4E64-961D-955F2629C1C6}.Release|Win32.ActiveCfg = Release|Win32
		{66941623-E8F3-4E64-961D-955F2629C1C6}.Release|Win32.Build.0 = Release|Win32
		{66941623-E8F3-4E64-961D-955F2629C1C6}.Release|x64.ActiveCfg = Release|x64
		{66941623-E8F3-4E64-961D-955F2629C1C6}.Release|x64.Build.0 = Release|x64
		{79D3A424-1C62-457A-BB20-196381DEC0B0}.Debug|Win32.ActiveCfg = Debug|Win32
		{79D3A424-1C62-457A-BB20-196381DEC0B0}.Debug|Win32.Build.0 = Debug|Win32
		{79D3A424-1C62-457A-BB20-196381DEC0B0}.Debug|x64.ActiveCfg = Debug|x64
		{79D3A424-1C62-457A-BB20-196381DEC0B0}.Debug|x64.Build.0 = Debug|x64
		{79D3A424-1C62-457A-BB20-196381DEC0B0}.Release|Win32.ActiveCfg = Release|Win32
		{79D3A424-1C62-457A-BB20-196381DEC0B0}.Release|Win32.Build.0 = Release|Win32
		{79D3A424-1C62-457A-BB20-196381DEC0B0}.Release|x64.ActiveCfg = Release|x64
		{79D3A424-1C62-457A-BB20-196381DEC0B0}.Release|x64.Build.0 = Release|x64
		{7DF807ED-0E5F-441C-A5C0-1619B5AD3FDD}.Debug|Win32.ActiveCfg = Debug|Win32
		{7DF807ED-0E5F-441C-A5C0-1619B5AD3FDD}.Debug|Win32.Build.0 = Debug|Win32
		{7DF807ED-0E5F-441C-A5C0-1619B5AD3FDD}.Debug|x64.ActiveCfg = Debug|x64
		{7DF807ED-0E5F-441C-A5C0-1619B5AD3FDD}.Debug|x64.Build.0 = Debug|x64
		{7DF807ED-0E5F-441C-A5C0-1619B5AD3FDD}.Release|Win32.ActiveCfg = Release|Win32
		{7DF807ED-0E5F-441C-A5C0-1619B5AD3FDD}.Release|Win32.Build.0 = Release|Win32
		{7DF807ED-0E5F-441C-A5C0-1619B5AD3FDD}.Release|x64.ActiveCfg = Release|x64
		{7DF807ED-0E5F-441C-A5C0-1619B5AD3FDD}.Release|x64.Build.0 = Release|x64
		{640760A1-B6BF-4EE5-8974-0F9327035B0A}.Debug|Win32.ActiveCfg = Debug|Win32
		{640760A1-B6BF-4EE5-8974-0F9327035B0A}.Debug|Win32.Build.0 = Debug|Win32
		{640760A1-B6BF-4EE5-8974-0F9327035B0A}.Debug|x64.ActiveCfg = Debug|x64
		{640760A1-B6BF-4EE5-8974-0F9327035B0A}.Debug|x64.Build.0 = Debug|x64
		{640760A1-B6BF-4EE5-8974-0F9327035B0A}.Release|Win32.ActiveCfg = Release|Win32
		{640760A1-B6BF-4EE5-8974-0F9327035B0A}.Release|Win32.Build.0 = Release|Win32
		{640760A1-B6BF-4EE5-8974-0F9327035B0A}.Release|x64.ActiveCfg = Release|x64
		{640760A1-B6BF-4EE5-8974-0F9327035B0A}.Release|x64.Build.0 = Release|x64
		{3C25DFE8-C9CE-4395-A09E-525F7195C178}.Debug|Win32.ActiveCfg = Debug|Win32
		{3C25DFE8-C9CE-4395-A09E-525F7195C178}.Debug|Win32.Build.0 = Debug|Win32
		{3C25DFE8-C9CE-4395-A09E-525F7195C178}.Debug|x64.ActiveCfg = Debug|x64
		{3C25DFE8-C9CE-4395-A09E-525F7195C178}.Debug|x64.Build.0 = Debug|x64
		{3C25DFE8-C9CE-4395-A09E-525F7195C178}.Release|Win32.ActiveCfg = Release|Win32
		{3C25DFE8-C9CE-4395-A09E-525F7195C178}.Release|Win32.Build.0 = Release|Win32
		{3C25DFE8-C9CE-4395-A09E-525F7195C178}.Release|x64.ActiveCfg = Release|x64
		{3C25DFE8-C9CE-4395-A09E-525F7195C178}.Release|x64.Build.0 = Release|x64
		{E930B41B-9414-478D-A94C-DB59F0FD4141}.Debug|Win32.ActiveCfg = Debug|Win32
		{E930B41B-9414-478D-A94C-DB59F0FD4141}.Debug|Win32.Build.0 = Debug|Win32
		{E930B41B-9414-478D-A94C-DB59F0FD4141}.Debug|x64.ActiveCfg = Debug|x64
		{E930B41B-9414-478D-A94C-DB59F0FD4141}.Debug|x64.Build.0 = Debug|x64
		{E930B41B-9414-478D-A94C-DB59F0FD4141}.Release|Win32.ActiveCfg = Release|Win32
		{E930B41B-9414-478D-A94C-DB59F0FD4141}.Release|Win32.Build.0 = Release|Win32
		{E930B41B-9414-478D-A94C-DB59F0FD4141}.Release|x64.ActiveCfg = Release|x64
		{E930B41B-9414-478D-A94C-DB59F0FD4141}.Release|x64.Build.0 = Release|x64
	EndGlobalSection
	GlobalSection(SolutionProperties) = preSolution
		HideSolutionNode = FALSE
	EndGlobalSection
EndGlobal
